// !$*UTF8*$!
{
	archiveVersion = 1;
	classes = {
	};
	objectVersion = 46;
	objects = {

/* Begin PBXBuildFile section */
		CB8A45521F0401C1006E1102 /* AppDelegate.swift in Sources */ = {isa = PBXBuildFile; fileRef = CB8A45511F0401C1006E1102 /* AppDelegate.swift */; };
		CB8A45541F0401C1006E1102 /* ViewController.swift in Sources */ = {isa = PBXBuildFile; fileRef = CB8A45531F0401C1006E1102 /* ViewController.swift */; };
		CB8A45571F0401C1006E1102 /* Main.storyboard in Resources */ = {isa = PBXBuildFile; fileRef = CB8A45551F0401C1006E1102 /* Main.storyboard */; };
		CB8A45591F0401C1006E1102 /* Assets.xcassets in Resources */ = {isa = PBXBuildFile; fileRef = CB8A45581F0401C1006E1102 /* Assets.xcassets */; };
		CB8A455C1F0401C1006E1102 /* LaunchScreen.storyboard in Resources */ = {isa = PBXBuildFile; fileRef = CB8A455A1F0401C1006E1102 /* LaunchScreen.storyboard */; };
/* End PBXBuildFile section */

/* Begin PBXFileReference section */
		CB8A454E1F0401C1006E1102 /* DancingSteps.app */ = {isa = PBXFileReference; explicitFileType = wrapper.application; includeInIndex = 0; path = DancingSteps.app; sourceTree = BUILT_PRODUCTS_DIR; };
		CB8A45511F0401C1006E1102 /* AppDelegate.swift */ = {isa = PBXFileReference; lastKnownFileType = sourcecode.swift; path = AppDelegate.swift; sourceTree = "<group>"; };
		CB8A45531F0401C1006E1102 /* ViewController.swift */ = {isa = PBXFileReference; lastKnownFileType = sourcecode.swift; path = ViewController.swift; sourceTree = "<group>"; };
		CB8A45561F0401C1006E1102 /* Base */ = {isa = PBXFileReference; lastKnownFileType = file.storyboard; name = Base; path = Base.lproj/Main.storyboard; sourceTree = "<group>"; };
		CB8A45581F0401C1006E1102 /* Assets.xcassets */ = {isa = PBXFileReference; lastKnownFileType = folder.assetcatalog; path = Assets.xcassets; sourceTree = "<group>"; };
		CB8A455B1F0401C1006E1102 /* Base */ = {isa = PBXFileReference; lastKnownFileType = file.storyboard; name = Base; path = Base.lproj/LaunchScreen.storyboard; sourceTree = "<group>"; };
		CB8A455D1F0401C1006E1102 /* Info.plist */ = {isa = PBXFileReference; lastKnownFileType = text.plist.xml; path = Info.plist; sourceTree = "<group>"; };
/* End PBXFileReference section */

/* Begin PBXFrameworksBuildPhase section */
		CB8A454B1F0401C1006E1102 /* Frameworks */ = {
			isa = PBXFrameworksBuildPhase;
			buildActionMask = 2147483647;
			files = (
			);
			runOnlyForDeploymentPostprocessing = 0;
		};
/* End PBXFrameworksBuildPhase section */

/* Begin PBXGroup section */
		CB8A45451F0401C1006E1102 = {
			isa = PBXGroup;
			children = (
				CB8A45501F0401C1006E1102 /* DancingSteps */,
				CB8A454F1F0401C1006E1102 /* Products */,
			);
			sourceTree = "<group>";
		};
		CB8A454F1F0401C1006E1102 /* Products */ = {
			isa = PBXGroup;
			children = (
				CB8A454E1F0401C1006E1102 /* DancingSteps.app */,
			);
			name = Products;
			sourceTree = "<group>";
		};
		CB8A45501F0401C1006E1102 /* DancingSteps */ = {
			isa = PBXGroup;
			children = (
				CB8A45511F0401C1006E1102 /* AppDelegate.swift */,
				CB8A45531F0401C1006E1102 /* ViewController.swift */,
				CB8A45551F0401C1006E1102 /* Main.storyboard */,
				CB8A45581F0401C1006E1102 /* Assets.xcassets */,
				CB8A455A1F0401C1006E1102 /* LaunchScreen.storyboard */,
				CB8A455D1F0401C1006E1102 /* Info.plist */,
			);
			path = DancingSteps;
			sourceTree = "<group>";
		};
/* End PBXGroup section */

/* Begin PBXNativeTarget section */
		CB8A454D1F0401C1006E1102 /* DancingSteps */ = {
			isa = PBXNativeTarget;
			buildConfigurationList = CB8A45601F0401C1006E1102 /* Build configuration list for PBXNativeTarget "DancingSteps" */;
			buildPhases = (
				CB8A454A1F0401C1006E1102 /* Sources */,
				CB8A454B1F0401C1006E1102 /* Frameworks */,
				CB8A454C1F0401C1006E1102 /* Resources */,
			);
			buildRules = (
			);
			dependencies = (
			);
			name = DancingSteps;
			productName = DancingSteps;
			productReference = CB8A454E1F0401C1006E1102 /* DancingSteps.app */;
			productType = "com.apple.product-type.application";
		};
/* End PBXNativeTarget section */

/* Begin PBXProject section */
		CB8A45461F0401C1006E1102 /* Project object */ = {
			isa = PBXProject;
			attributes = {
				LastSwiftUpdateCheck = 0830;
				LastUpgradeCheck = 0830;
				ORGANIZATIONNAME = RLRG;
				TargetAttributes = {
					CB8A454D1F0401C1006E1102 = {
						CreatedOnToolsVersion = 8.3.3;
						DevelopmentTeam = 8WFER5UG23;
						ProvisioningStyle = Automatic;
					};
				};
			};
			buildConfigurationList = CB8A45491F0401C1006E1102 /* Build configuration list for PBXProject "DancingSteps" */;
			compatibilityVersion = "Xcode 3.2";
			developmentRegion = English;
			hasScannedForEncodings = 0;
			knownRegions = (
				en,
				Base,
			);
			mainGroup = CB8A45451F0401C1006E1102;
			productRefGroup = CB8A454F1F0401C1006E1102 /* Products */;
			projectDirPath = "";
			projectRoot = "";
			targets = (
				CB8A454D1F0401C1006E1102 /* DancingSteps */,
			);
		};
/* End PBXProject section */

/* Begin PBXResourcesBuildPhase section */
		CB8A454C1F0401C1006E1102 /* Resources */ = {
			isa = PBXResourcesBuildPhase;
			buildActionMask = 2147483647;
			files = (
				CB8A455C1F0401C1006E1102 /* LaunchScreen.storyboard in Resources */,
				CB8A45591F0401C1006E1102 /* Assets.xcassets in Resources */,
				CB8A45571F0401C1006E1102 /* Main.storyboard in Resources */,
			);
			runOnlyForDeploymentPostprocessing = 0;
		};
/* End PBXResourcesBuildPhase section */

/* Begin PBXSourcesBuildPhase section */
		CB8A454A1F0401C1006E1102 /* Sources */ = {
			isa = PBXSourcesBuildPhase;
			buildActionMask = 2147483647;
			files = (
				CB8A45541F0401C1006E1102 /* ViewController.swift in Sources */,
				CB8A45521F0401C1006E1102 /* AppDelegate.swift in Sources */,
			);
			runOnlyForDeploymentPostprocessing = 0;
		};
/* End PBXSourcesBuildPhase section */

/* Begin PBXVariantGroup section */
		CB8A45551F0401C1006E1102 /* Main.storyboard */ = {
			isa = PBXVariantGroup;
			children = (
				CB8A45561F0401C1006E1102 /* Base */,
			);
			name = Main.storyboard;
			sourceTree = "<group>";
		};
		CB8A455A1F0401C1006E1102 /* LaunchScreen.storyboard */ = {
			isa = PBXVariantGroup;
			children = (
				CB8A455B1F0401C1006E1102 /* Base */,
			);
			name = LaunchScreen.storyboard;
			sourceTree = "<group>";
		};
/* End PBXVariantGroup section */

/* Begin XCBuildConfiguration section */
		CB8A455E1F0401C1006E1102 /* Debug */ = {
			isa = XCBuildConfiguration;
			buildSettings = {
				ALWAYS_SEARCH_USER_PATHS = NO;
				CLANG_ANALYZER_NONNULL = YES;
				CLANG_ANALYZER_NUMBER_OBJECT_CONVERSION = YES_AGGRESSIVE;
				CLANG_CXX_LANGUAGE_STANDARD = "gnu++0x";
				CLANG_CXX_LIBRARY = "libc++";
				CLANG_ENABLE_MODULES = YES;
				CLANG_ENABLE_OBJC_ARC = YES;
				CLANG_WARN_BOOL_CONVERSION = YES;
				CLANG_WARN_CONSTANT_CONVERSION = YES;
				CLANG_WARN_DIRECT_OBJC_ISA_USAGE = YES_ERROR;
				CLANG_WARN_DOCUMENTATION_COMMENTS = YES;
				CLANG_WARN_EMPTY_BODY = YES;
				CLANG_WARN_ENUM_CONVERSION = YES;
				CLANG_WARN_INFINITE_RECURSION = YES;
				CLANG_WARN_INT_CONVERSION = YES;
				CLANG_WARN_OBJC_ROOT_CLASS = YES_ERROR;
				CLANG_WARN_SUSPICIOUS_MOVE = YES;
				CLANG_WARN_UNREACHABLE_CODE = YES;
				CLANG_WARN__DUPLICATE_METHOD_MATCH = YES;
				"CODE_SIGN_IDENTITY[sdk=iphoneos*]" = "iPhone Developer";
				COPY_PHASE_STRIP = NO;
				DEBUG_INFORMATION_FORMAT = dwarf;
				ENABLE_STRICT_OBJC_MSGSEND = YES;
				ENABLE_TESTABILITY = YES;
				GCC_C_LANGUAGE_STANDARD = gnu99;
				GCC_DYNAMIC_NO_PIC = NO;
				GCC_NO_COMMON_BLOCKS = YES;
				GCC_OPTIMIZATION_LEVEL = 0;
				GCC_PREPROCESSOR_DEFINITIONS = (
					"DEBUG=1",
					"$(inherited)",
				);
				GCC_WARN_64_TO_32_BIT_CONVERSION = YES;
				GCC_WARN_ABOUT_RETURN_TYPE = YES_ERROR;
				GCC_WARN_UNDECLARED_SELECTOR = YES;
				GCC_WARN_UNINITIALIZED_AUTOS = YES_AGGRESSIVE;
				GCC_WARN_UNUSED_FUNCTION = YES;
				GCC_WARN_UNUSED_VARIABLE = YES;
				IPHONEOS_DEPLOYMENT_TARGET = 10.3;
				MTL_ENABLE_DEBUG_INFO = YES;
				ONLY_ACTIVE_ARCH = YES;
				SDKROOT = iphoneos;
				SWIFT_ACTIVE_COMPILATION_CONDITIONS = DEBUG;
				SWIFT_OPTIMIZATION_LEVEL = "-Onone";
				TARGETED_DEVICE_FAMILY = "1,2";
			};
			name = Debug;
		};
		CB8A455F1F0401C1006E1102 /* Release */ = {
			isa = XCBuildConfiguration;
			buildSettings = {
				ALWAYS_SEARCH_USER_PATHS = NO;
				CLANG_ANALYZER_NONNULL = YES;
				CLANG_ANALYZER_NUMBER_OBJECT_CONVERSION = YES_AGGRESSIVE;
				CLANG_CXX_LANGUAGE_STANDARD = "gnu++0x";
				CLANG_CXX_LIBRARY = "libc++";
				CLANG_ENABLE_MODULES = YES;
				CLANG_ENABLE_OBJC_ARC = YES;
				CLANG_WARN_BOOL_CONVERSION = YES;
				CLANG_WARN_CONSTANT_CONVERSION = YES;
				CLANG_WARN_DIRECT_OBJC_ISA_USAGE = YES_ERROR;
				CLANG_WARN_DOCUMENTATION_COMMENTS = YES;
				CLANG_WARN_EMPTY_BODY = YES;
				CLANG_WARN_ENUM_CONVERSION = YES;
				CLANG_WARN_INFINITE_RECURSION = YES;
				CLANG_WARN_INT_CONVERSION = YES;
				CLANG_WARN_OBJC_ROOT_CLASS = YES_ERROR;
				CLANG_WARN_SUSPICIOUS_MOVE = YES;
				CLANG_WARN_UNREACHABLE_CODE = YES;
				CLANG_WARN__DUPLICATE_METHOD_MATCH = YES;
				"CODE_SIGN_IDENTITY[sdk=iphoneos*]" = "iPhone Developer";
				COPY_PHASE_STRIP = NO;
				DEBUG_INFORMATION_FORMAT = "dwarf-with-dsym";
				ENABLE_NS_ASSERTIONS = NO;
				ENABLE_STRICT_OBJC_MSGSEND = YES;
				GCC_C_LANGUAGE_STANDARD = gnu99;
				GCC_NO_COMMON_BLOCKS = YES;
				GCC_WARN_64_TO_32_BIT_CONVERSION = YES;
				GCC_WARN_ABOUT_RETURN_TYPE = YES_ERROR;
				GCC_WARN_UNDECLARED_SELECTOR = YES;
				GCC_WARN_UNINITIALIZED_AUTOS = YES_AGGRESSIVE;
				GCC_WARN_UNUSED_FUNCTION = YES;
				GCC_WARN_UNUSED_VARIABLE = YES;
				IPHONEOS_DEPLOYMENT_TARGET = 10.3;
				MTL_ENABLE_DEBUG_INFO = NO;
				SDKROOT = iphoneos;
				SWIFT_OPTIMIZATION_LEVEL = "-Owholemodule";
				TARGETED_DEVICE_FAMILY = "1,2";
				VALIDATE_PRODUCT = YES;
			};
			name = Release;
		};
		CB8A45611F0401C1006E1102 /* Debug */ = {
			isa = XCBuildConfiguration;
			buildSettings = {
				ASSETCATALOG_COMPILER_APPICON_NAME = AppIcon;
				DEVELOPMENT_TEAM = 8WFER5UG23;
				INFOPLIST_FILE = DancingSteps/Info.plist;
				LD_RUNPATH_SEARCH_PATHS = "$(inherited) @executable_path/Frameworks";
				PRODUCT_BUNDLE_IDENTIFIER = com.rlrg.DancingSteps;
				PRODUCT_NAME = "$(TARGET_NAME)";
				SWIFT_VERSION = 3.0;
			};
			name = Debug;
		};
		CB8A45621F0401C1006E1102 /* Release */ = {
			isa = XCBuildConfiguration;
			buildSettings = {
				ASSETCATALOG_COMPILER_APPICON_NAME = AppIcon;
				DEVELOPMENT_TEAM = 8WFER5UG23;
				INFOPLIST_FILE = DancingSteps/Info.plist;
				LD_RUNPATH_SEARCH_PATHS = "$(inherited) @executable_path/Frameworks";
				PRODUCT_BUNDLE_IDENTIFIER = com.rlrg.DancingSteps;
				PRODUCT_NAME = "$(TARGET_NAME)";
				SWIFT_VERSION = 3.0;
			};
			name = Release;
		};
/* End XCBuildConfiguration section */

/* Begin XCConfigurationList section */
		CB8A45491F0401C1006E1102 /* Build configuration list for PBXProject "DancingSteps" */ = {
			isa = XCConfigurationList;
			buildConfigurations = (
				CB8A455E1F0401C1006E1102 /* Debug */,
				CB8A455F1F0401C1006E1102 /* Release */,
			);
			defaultConfigurationIsVisible = 0;
			defaultConfigurationName = Release;
		};
		CB8A45601F0401C1006E1102 /* Build configuration list for PBXNativeTarget "DancingSteps" */ = {
			isa = XCConfigurationList;
			buildConfigurations = (
				CB8A45611F0401C1006E1102 /* Debug */,
				CB8A45621F0401C1006E1102 /* Release */,
			);
			defaultConfigurationIsVisible = 0;
		};
/* End XCConfigurationList section */
	};
	rootObject = CB8A45461F0401C1006E1102 /* Project object */;
}
