// !$*UTF8*$!
{
	archiveVersion = 1;
	classes = {
	};
	objectVersion = 46;
	objects = {

/* Begin PBXBuildFile section */
		370F86321F5FEFEA0072A804 /* Repository.swift in Sources */ = {isa = PBXBuildFile; fileRef = 370F86311F5FEFEA0072A804 /* Repository.swift */; };
		370F86331F5FEFEA0072A804 /* Repository.swift in Sources */ = {isa = PBXBuildFile; fileRef = 370F86311F5FEFEA0072A804 /* Repository.swift */; };
		370F863A1F60224C0072A804 /* GetDanceStylesProtocol.swift in Sources */ = {isa = PBXBuildFile; fileRef = 370F86391F60224C0072A804 /* GetDanceStylesProtocol.swift */; };
		370F863B1F60224C0072A804 /* GetDanceStylesProtocol.swift in Sources */ = {isa = PBXBuildFile; fileRef = 370F86391F60224C0072A804 /* GetDanceStylesProtocol.swift */; };
		370F863D1F6022850072A804 /* GetVideosProtocol.swift in Sources */ = {isa = PBXBuildFile; fileRef = 370F863C1F6022850072A804 /* GetVideosProtocol.swift */; };
		370F863E1F6022850072A804 /* GetVideosProtocol.swift in Sources */ = {isa = PBXBuildFile; fileRef = 370F863C1F6022850072A804 /* GetVideosProtocol.swift */; };
		370F86401F6022DA0072A804 /* SaveNewVideoProtocol.swift in Sources */ = {isa = PBXBuildFile; fileRef = 370F863F1F6022DA0072A804 /* SaveNewVideoProtocol.swift */; };
		370F86411F6022DA0072A804 /* SaveNewVideoProtocol.swift in Sources */ = {isa = PBXBuildFile; fileRef = 370F863F1F6022DA0072A804 /* SaveNewVideoProtocol.swift */; };
		3724C2521F3329A7005E1BF8 /* DebugViewController.swift in Sources */ = {isa = PBXBuildFile; fileRef = 3724C2511F3329A7005E1BF8 /* DebugViewController.swift */; };
		3724C2531F33305F005E1BF8 /* DebugViewController.swift in Sources */ = {isa = PBXBuildFile; fileRef = 3724C2511F3329A7005E1BF8 /* DebugViewController.swift */; };
		3724C2581F385534005E1BF8 /* CongressesTableViewProtocol.swift in Sources */ = {isa = PBXBuildFile; fileRef = 3724C2571F385534005E1BF8 /* CongressesTableViewProtocol.swift */; };
		3724C2591F385534005E1BF8 /* CongressesTableViewProtocol.swift in Sources */ = {isa = PBXBuildFile; fileRef = 3724C2571F385534005E1BF8 /* CongressesTableViewProtocol.swift */; };
		3724C25B1F3A07FA005E1BF8 /* UIViewControllerExt.swift in Sources */ = {isa = PBXBuildFile; fileRef = 3724C25A1F3A07F9005E1BF8 /* UIViewControllerExt.swift */; };
		3724C25C1F3A07FA005E1BF8 /* UIViewControllerExt.swift in Sources */ = {isa = PBXBuildFile; fileRef = 3724C25A1F3A07F9005E1BF8 /* UIViewControllerExt.swift */; };
		375856161F4D7F4D00DF040F /* GetDanceStylesUseCase.swift in Sources */ = {isa = PBXBuildFile; fileRef = 375856151F4D7F4D00DF040F /* GetDanceStylesUseCase.swift */; };
		375856171F4D7F4D00DF040F /* GetDanceStylesUseCase.swift in Sources */ = {isa = PBXBuildFile; fileRef = 375856151F4D7F4D00DF040F /* GetDanceStylesUseCase.swift */; };
		37DD3B951F58451A00065466 /* DancingStepsUITests.swift in Sources */ = {isa = PBXBuildFile; fileRef = 37DD3B941F58451A00065466 /* DancingStepsUITests.swift */; };
		37DD3B9F1F596B3A00065466 /* ErrorEnums.swift in Sources */ = {isa = PBXBuildFile; fileRef = 37DD3B9E1F596B3A00065466 /* ErrorEnums.swift */; };
		37DD3BA01F596B3A00065466 /* ErrorEnums.swift in Sources */ = {isa = PBXBuildFile; fileRef = 37DD3B9E1F596B3A00065466 /* ErrorEnums.swift */; };
		37DD3BA21F5997E400065466 /* VideosTableVCProtocol.swift in Sources */ = {isa = PBXBuildFile; fileRef = 37DD3BA11F5997E400065466 /* VideosTableVCProtocol.swift */; };
		37DD3BA31F5997E400065466 /* VideosTableVCProtocol.swift in Sources */ = {isa = PBXBuildFile; fileRef = 37DD3BA11F5997E400065466 /* VideosTableVCProtocol.swift */; };
		37DD3BA51F59A14200065466 /* ObjectInjector.swift in Sources */ = {isa = PBXBuildFile; fileRef = 37DD3BA41F59A14200065466 /* ObjectInjector.swift */; };
		37DD3BA61F59A14200065466 /* ObjectInjector.swift in Sources */ = {isa = PBXBuildFile; fileRef = 37DD3BA41F59A14200065466 /* ObjectInjector.swift */; };
		3C03B9C961EA32988F2FC199 /* Pods_DancingSteps.framework in Frameworks */ = {isa = PBXBuildFile; fileRef = F3D2A34CED622DADBBF3AACE /* Pods_DancingSteps.framework */; };
		63148DBCF0E3A0AAA7D362A5 /* Pods_DancingStepsLAB.framework in Frameworks */ = {isa = PBXBuildFile; fileRef = 8AC52C66FF12023E4E407346 /* Pods_DancingStepsLAB.framework */; };
		CB38EBEB1F17691800008585 /* GetVideosUseCase.swift in Sources */ = {isa = PBXBuildFile; fileRef = CB38EBEA1F17691800008585 /* GetVideosUseCase.swift */; };
		CB38EBEC1F17691B00008585 /* GetVideosUseCase.swift in Sources */ = {isa = PBXBuildFile; fileRef = CB38EBEA1F17691800008585 /* GetVideosUseCase.swift */; };
		CB38EBEE1F1783E300008585 /* Application.swift in Sources */ = {isa = PBXBuildFile; fileRef = CB38EBED1F1783E300008585 /* Application.swift */; };
		CB38EBEF1F1783E300008585 /* Application.swift in Sources */ = {isa = PBXBuildFile; fileRef = CB38EBED1F1783E300008585 /* Application.swift */; };
		CB38EBF41F178B8100008585 /* CompleteVideoProtocol.swift in Sources */ = {isa = PBXBuildFile; fileRef = CB38EBF31F178B8100008585 /* CompleteVideoProtocol.swift */; };
		CB38EBF51F178B8100008585 /* CompleteVideoProtocol.swift in Sources */ = {isa = PBXBuildFile; fileRef = CB38EBF31F178B8100008585 /* CompleteVideoProtocol.swift */; };
		CB38EBF71F1792CC00008585 /* AlertsManager.swift in Sources */ = {isa = PBXBuildFile; fileRef = CB38EBF61F1792CC00008585 /* AlertsManager.swift */; };
		CB38EBF81F1792CC00008585 /* AlertsManager.swift in Sources */ = {isa = PBXBuildFile; fileRef = CB38EBF61F1792CC00008585 /* AlertsManager.swift */; };
		CB38EBFA1F17CF0200008585 /* UIImageViewExt.swift in Sources */ = {isa = PBXBuildFile; fileRef = CB38EBF91F17CF0200008585 /* UIImageViewExt.swift */; };
		CB38EBFB1F17CF0200008585 /* UIImageViewExt.swift in Sources */ = {isa = PBXBuildFile; fileRef = CB38EBF91F17CF0200008585 /* UIImageViewExt.swift */; };
		CB8A45521F0401C1006E1102 /* AppDelegate.swift in Sources */ = {isa = PBXBuildFile; fileRef = CB8A45511F0401C1006E1102 /* AppDelegate.swift */; };
		CB8A45541F0401C1006E1102 /* CongressesTableViewController.swift in Sources */ = {isa = PBXBuildFile; fileRef = CB8A45531F0401C1006E1102 /* CongressesTableViewController.swift */; };
		CB8A45571F0401C1006E1102 /* Main.storyboard in Resources */ = {isa = PBXBuildFile; fileRef = CB8A45551F0401C1006E1102 /* Main.storyboard */; };
		CB8A45591F0401C1006E1102 /* Assets.xcassets in Resources */ = {isa = PBXBuildFile; fileRef = CB8A45581F0401C1006E1102 /* Assets.xcassets */; };
		CB8A455C1F0401C1006E1102 /* LaunchScreen.storyboard in Resources */ = {isa = PBXBuildFile; fileRef = CB8A455A1F0401C1006E1102 /* LaunchScreen.storyboard */; };
		CBAA33451F1616CC009ED7CE /* CompleteVideoPresenter.swift in Sources */ = {isa = PBXBuildFile; fileRef = CBAA33441F1616CC009ED7CE /* CompleteVideoPresenter.swift */; };
		CBAA33461F1616CC009ED7CE /* CompleteVideoPresenter.swift in Sources */ = {isa = PBXBuildFile; fileRef = CBAA33441F1616CC009ED7CE /* CompleteVideoPresenter.swift */; };
		CBAA33481F16170B009ED7CE /* SaveNewVideoUseCase.swift in Sources */ = {isa = PBXBuildFile; fileRef = CBAA33471F16170B009ED7CE /* SaveNewVideoUseCase.swift */; };
		CBAA33491F16170B009ED7CE /* SaveNewVideoUseCase.swift in Sources */ = {isa = PBXBuildFile; fileRef = CBAA33471F16170B009ED7CE /* SaveNewVideoUseCase.swift */; };
		CBAA33511F161940009ED7CE /* RealmRepo.swift in Sources */ = {isa = PBXBuildFile; fileRef = CBAA33501F161940009ED7CE /* RealmRepo.swift */; };
		CBAA33521F161940009ED7CE /* RealmRepo.swift in Sources */ = {isa = PBXBuildFile; fileRef = CBAA33501F161940009ED7CE /* RealmRepo.swift */; };
		CBAA33551F16230C009ED7CE /* RealmRepresentable.swift in Sources */ = {isa = PBXBuildFile; fileRef = CBAA33541F16230C009ED7CE /* RealmRepresentable.swift */; };
		CBAA33561F16230C009ED7CE /* RealmRepresentable.swift in Sources */ = {isa = PBXBuildFile; fileRef = CBAA33541F16230C009ED7CE /* RealmRepresentable.swift */; };
		CBAA33581F162369009ED7CE /* DomainConvertibleType.swift in Sources */ = {isa = PBXBuildFile; fileRef = CBAA33571F162369009ED7CE /* DomainConvertibleType.swift */; };
		CBAA33591F162369009ED7CE /* DomainConvertibleType.swift in Sources */ = {isa = PBXBuildFile; fileRef = CBAA33571F162369009ED7CE /* DomainConvertibleType.swift */; };
		CBAA335B1F1624AC009ED7CE /* RunLoopThreadScheduler.swift in Sources */ = {isa = PBXBuildFile; fileRef = CBAA335A1F1624AC009ED7CE /* RunLoopThreadScheduler.swift */; };
		CBAA335C1F1624AC009ED7CE /* RunLoopThreadScheduler.swift in Sources */ = {isa = PBXBuildFile; fileRef = CBAA335A1F1624AC009ED7CE /* RunLoopThreadScheduler.swift */; };
		CBAA335E1F16256B009ED7CE /* ObservableExt.swift in Sources */ = {isa = PBXBuildFile; fileRef = CBAA335D1F16256B009ED7CE /* ObservableExt.swift */; };
		CBAA335F1F16256B009ED7CE /* ObservableExt.swift in Sources */ = {isa = PBXBuildFile; fileRef = CBAA335D1F16256B009ED7CE /* ObservableExt.swift */; };
		CBAA33611F1625C4009ED7CE /* RealmExt.swift in Sources */ = {isa = PBXBuildFile; fileRef = CBAA33601F1625C4009ED7CE /* RealmExt.swift */; };
		CBAA33621F1625C4009ED7CE /* RealmExt.swift in Sources */ = {isa = PBXBuildFile; fileRef = CBAA33601F1625C4009ED7CE /* RealmExt.swift */; };
		CBAA33671F168AFB009ED7CE /* DisplayViewController.swift in Sources */ = {isa = PBXBuildFile; fileRef = CBAA33661F168AFB009ED7CE /* DisplayViewController.swift */; };
		CBAA33681F168AFC009ED7CE /* DisplayViewController.swift in Sources */ = {isa = PBXBuildFile; fileRef = CBAA33661F168AFB009ED7CE /* DisplayViewController.swift */; };
		CBB9B9E91F15324000F0E441 /* CompleteVideoViewController.swift in Sources */ = {isa = PBXBuildFile; fileRef = CBB9B9E81F15324000F0E441 /* CompleteVideoViewController.swift */; };
		CBB9B9EA1F15324000F0E441 /* CompleteVideoViewController.swift in Sources */ = {isa = PBXBuildFile; fileRef = CBB9B9E81F15324000F0E441 /* CompleteVideoViewController.swift */; };
		CBD6CA231F1378C900AC4548 /* CongressNetwork.swift in Sources */ = {isa = PBXBuildFile; fileRef = CBFAB3781F0AA750005C8B80 /* CongressNetwork.swift */; };
		CBD6CA271F1378C900AC4548 /* GetCongressesNetworkUseCase.swift in Sources */ = {isa = PBXBuildFile; fileRef = CBFAB3851F0BAECD005C8B80 /* GetCongressesNetworkUseCase.swift */; };
		CBD6CA281F1378C900AC4548 /* CongressesTableViewController.swift in Sources */ = {isa = PBXBuildFile; fileRef = CB8A45531F0401C1006E1102 /* CongressesTableViewController.swift */; };
		CBD6CA291F1378C900AC4548 /* RMCongress.swift in Sources */ = {isa = PBXBuildFile; fileRef = CBFAB3641F0A9990005C8B80 /* RMCongress.swift */; };
		CBD6CA2B1F1378C900AC4548 /* UseCaseProviderClass.swift in Sources */ = {isa = PBXBuildFile; fileRef = CBFAB3911F0F8D46005C8B80 /* UseCaseProviderClass.swift */; };
		CBD6CA2C1F1378C900AC4548 /* Constants.swift in Sources */ = {isa = PBXBuildFile; fileRef = CBFAB3821F0B8F1A005C8B80 /* Constants.swift */; };
		CBD6CA2D1F1378C900AC4548 /* CongressTableViewCell.swift in Sources */ = {isa = PBXBuildFile; fileRef = CBFAB38D1F0BB7BA005C8B80 /* CongressTableViewCell.swift */; };
		CBD6CA2E1F1378C900AC4548 /* RMVideo.swift in Sources */ = {isa = PBXBuildFile; fileRef = CBFAB3621F0A9981005C8B80 /* RMVideo.swift */; };
		CBD6CA2F1F1378C900AC4548 /* CongressCellView.swift in Sources */ = {isa = PBXBuildFile; fileRef = CBFAB38B1F0BB77A005C8B80 /* CongressCellView.swift */; };
		CBD6CA301F1378C900AC4548 /* GetCongressesProtocol.swift in Sources */ = {isa = PBXBuildFile; fileRef = CBFAB3871F0BAFA7005C8B80 /* GetCongressesProtocol.swift */; };
		CBD6CA311F1378C900AC4548 /* Style.swift in Sources */ = {isa = PBXBuildFile; fileRef = CBFAB3741F0AA333005C8B80 /* Style.swift */; };
		CBD6CA321F1378C900AC4548 /* UseCaseProvider.swift in Sources */ = {isa = PBXBuildFile; fileRef = CBFAB3931F0F8DAF005C8B80 /* UseCaseProvider.swift */; };
		CBD6CA331F1378C900AC4548 /* Video.swift in Sources */ = {isa = PBXBuildFile; fileRef = CBFAB36C1F0AA309005C8B80 /* Video.swift */; };
		CBD6CA341F1378C900AC4548 /* RMStyle.swift in Sources */ = {isa = PBXBuildFile; fileRef = CBFAB36A1F0A9B8C005C8B80 /* RMStyle.swift */; };
		CBD6CA351F1378C900AC4548 /* AppDelegate.swift in Sources */ = {isa = PBXBuildFile; fileRef = CB8A45511F0401C1006E1102 /* AppDelegate.swift */; };
		CBD6CA371F1378C900AC4548 /* Network.swift in Sources */ = {isa = PBXBuildFile; fileRef = CBFAB37C1F0AA801005C8B80 /* Network.swift */; };
		CBD6CA381F1378C900AC4548 /* Congress.swift in Sources */ = {isa = PBXBuildFile; fileRef = CBFAB36E1F0AA315005C8B80 /* Congress.swift */; };
		CBD6CA391F1378C900AC4548 /* CongressesPresenter.swift in Sources */ = {isa = PBXBuildFile; fileRef = CBFAB3891F0BB26E005C8B80 /* CongressesPresenter.swift */; };
		CBD6CA3A1F1378C900AC4548 /* NetworkProvider.swift in Sources */ = {isa = PBXBuildFile; fileRef = CBFAB37E1F0AA80C005C8B80 /* NetworkProvider.swift */; };
		CBD6CA3C1F1378C900AC4548 /* Pods_DancingSteps.framework in Frameworks */ = {isa = PBXBuildFile; fileRef = F3D2A34CED622DADBBF3AACE /* Pods_DancingSteps.framework */; };
		CBD6CA3E1F1378C900AC4548 /* LaunchScreen.storyboard in Resources */ = {isa = PBXBuildFile; fileRef = CB8A455A1F0401C1006E1102 /* LaunchScreen.storyboard */; };
		CBD6CA3F1F1378C900AC4548 /* Assets.xcassets in Resources */ = {isa = PBXBuildFile; fileRef = CB8A45581F0401C1006E1102 /* Assets.xcassets */; };
		CBD6CA401F1378C900AC4548 /* Main.storyboard in Resources */ = {isa = PBXBuildFile; fileRef = CB8A45551F0401C1006E1102 /* Main.storyboard */; };
		CBD6CA501F13C02800AC4548 /* VideosTableViewController.swift in Sources */ = {isa = PBXBuildFile; fileRef = CBD6CA4F1F13C02800AC4548 /* VideosTableViewController.swift */; };
		CBD6CA511F13C02800AC4548 /* VideosTableViewController.swift in Sources */ = {isa = PBXBuildFile; fileRef = CBD6CA4F1F13C02800AC4548 /* VideosTableViewController.swift */; };
		CBD6CA531F13C0F000AC4548 /* VideosPresenter.swift in Sources */ = {isa = PBXBuildFile; fileRef = CBD6CA521F13C0F000AC4548 /* VideosPresenter.swift */; };
		CBD6CA541F13C0F000AC4548 /* VideosPresenter.swift in Sources */ = {isa = PBXBuildFile; fileRef = CBD6CA521F13C0F000AC4548 /* VideosPresenter.swift */; };
		CBD6CA591F13C52500AC4548 /* VideoCellView.swift in Sources */ = {isa = PBXBuildFile; fileRef = CBD6CA581F13C52500AC4548 /* VideoCellView.swift */; };
		CBD6CA5A1F13C52500AC4548 /* VideoCellView.swift in Sources */ = {isa = PBXBuildFile; fileRef = CBD6CA581F13C52500AC4548 /* VideoCellView.swift */; };
		CBD6CA651F13CBAD00AC4548 /* VideoTableViewCell.swift in Sources */ = {isa = PBXBuildFile; fileRef = CBD6CA641F13CBAD00AC4548 /* VideoTableViewCell.swift */; };
		CBD6CA661F13CBAD00AC4548 /* VideoTableViewCell.swift in Sources */ = {isa = PBXBuildFile; fileRef = CBD6CA641F13CBAD00AC4548 /* VideoTableViewCell.swift */; };
		CBD6CA681F13D3F200AC4548 /* CameraViewController.swift in Sources */ = {isa = PBXBuildFile; fileRef = CBD6CA671F13D3F200AC4548 /* CameraViewController.swift */; };
		CBD6CA691F13D3F200AC4548 /* CameraViewController.swift in Sources */ = {isa = PBXBuildFile; fileRef = CBD6CA671F13D3F200AC4548 /* CameraViewController.swift */; };
		CBD6CA6B1F13E81D00AC4548 /* CongressDetailsViewController.swift in Sources */ = {isa = PBXBuildFile; fileRef = CBD6CA6A1F13E81D00AC4548 /* CongressDetailsViewController.swift */; };
		CBD6CA6C1F13E81D00AC4548 /* CongressDetailsViewController.swift in Sources */ = {isa = PBXBuildFile; fileRef = CBD6CA6A1F13E81D00AC4548 /* CongressDetailsViewController.swift */; };
		CBFAB3631F0A9981005C8B80 /* RMVideo.swift in Sources */ = {isa = PBXBuildFile; fileRef = CBFAB3621F0A9981005C8B80 /* RMVideo.swift */; };
		CBFAB3651F0A9990005C8B80 /* RMCongress.swift in Sources */ = {isa = PBXBuildFile; fileRef = CBFAB3641F0A9990005C8B80 /* RMCongress.swift */; };
		CBFAB36B1F0A9B8C005C8B80 /* RMStyle.swift in Sources */ = {isa = PBXBuildFile; fileRef = CBFAB36A1F0A9B8C005C8B80 /* RMStyle.swift */; };
		CBFAB36D1F0AA309005C8B80 /* Video.swift in Sources */ = {isa = PBXBuildFile; fileRef = CBFAB36C1F0AA309005C8B80 /* Video.swift */; };
		CBFAB36F1F0AA315005C8B80 /* Congress.swift in Sources */ = {isa = PBXBuildFile; fileRef = CBFAB36E1F0AA315005C8B80 /* Congress.swift */; };
		CBFAB3751F0AA333005C8B80 /* Style.swift in Sources */ = {isa = PBXBuildFile; fileRef = CBFAB3741F0AA333005C8B80 /* Style.swift */; };
		CBFAB3791F0AA750005C8B80 /* CongressNetwork.swift in Sources */ = {isa = PBXBuildFile; fileRef = CBFAB3781F0AA750005C8B80 /* CongressNetwork.swift */; };
		CBFAB37D1F0AA801005C8B80 /* Network.swift in Sources */ = {isa = PBXBuildFile; fileRef = CBFAB37C1F0AA801005C8B80 /* Network.swift */; };
		CBFAB37F1F0AA80C005C8B80 /* NetworkProvider.swift in Sources */ = {isa = PBXBuildFile; fileRef = CBFAB37E1F0AA80C005C8B80 /* NetworkProvider.swift */; };
		CBFAB3831F0B8F1A005C8B80 /* Constants.swift in Sources */ = {isa = PBXBuildFile; fileRef = CBFAB3821F0B8F1A005C8B80 /* Constants.swift */; };
		CBFAB3861F0BAECD005C8B80 /* GetCongressesNetworkUseCase.swift in Sources */ = {isa = PBXBuildFile; fileRef = CBFAB3851F0BAECD005C8B80 /* GetCongressesNetworkUseCase.swift */; };
		CBFAB3881F0BAFA7005C8B80 /* GetCongressesProtocol.swift in Sources */ = {isa = PBXBuildFile; fileRef = CBFAB3871F0BAFA7005C8B80 /* GetCongressesProtocol.swift */; };
		CBFAB38A1F0BB26E005C8B80 /* CongressesPresenter.swift in Sources */ = {isa = PBXBuildFile; fileRef = CBFAB3891F0BB26E005C8B80 /* CongressesPresenter.swift */; };
		CBFAB38C1F0BB77A005C8B80 /* CongressCellView.swift in Sources */ = {isa = PBXBuildFile; fileRef = CBFAB38B1F0BB77A005C8B80 /* CongressCellView.swift */; };
		CBFAB38E1F0BB7BA005C8B80 /* CongressTableViewCell.swift in Sources */ = {isa = PBXBuildFile; fileRef = CBFAB38D1F0BB7BA005C8B80 /* CongressTableViewCell.swift */; };
		CBFAB3921F0F8D46005C8B80 /* UseCaseProviderClass.swift in Sources */ = {isa = PBXBuildFile; fileRef = CBFAB3911F0F8D46005C8B80 /* UseCaseProviderClass.swift */; };
		CBFAB3941F0F8DAF005C8B80 /* UseCaseProvider.swift in Sources */ = {isa = PBXBuildFile; fileRef = CBFAB3931F0F8DAF005C8B80 /* UseCaseProvider.swift */; };
/* End PBXBuildFile section */

/* Begin PBXContainerItemProxy section */
		37DD3B891F5844F100065466 /* PBXContainerItemProxy */ = {
			isa = PBXContainerItemProxy;
			containerPortal = CB8A45461F0401C1006E1102 /* Project object */;
			proxyType = 1;
			remoteGlobalIDString = CB8A454D1F0401C1006E1102;
			remoteInfo = DancingSteps;
		};
		37DD3B971F58451A00065466 /* PBXContainerItemProxy */ = {
			isa = PBXContainerItemProxy;
			containerPortal = CB8A45461F0401C1006E1102 /* Project object */;
			proxyType = 1;
			remoteGlobalIDString = CB8A454D1F0401C1006E1102;
			remoteInfo = DancingSteps;
		};
/* End PBXContainerItemProxy section */

/* Begin PBXFileReference section */
		0A55F8B5EA35D3659DB3165A /* Pods-DancingSteps.release.xcconfig */ = {isa = PBXFileReference; includeInIndex = 1; lastKnownFileType = text.xcconfig; name = "Pods-DancingSteps.release.xcconfig"; path = "Pods/Target Support Files/Pods-DancingSteps/Pods-DancingSteps.release.xcconfig"; sourceTree = "<group>"; };
		10728BBA2D97A7981A0113A3 /* Pods-DancingSteps.debug.xcconfig */ = {isa = PBXFileReference; includeInIndex = 1; lastKnownFileType = text.xcconfig; name = "Pods-DancingSteps.debug.xcconfig"; path = "Pods/Target Support Files/Pods-DancingSteps/Pods-DancingSteps.debug.xcconfig"; sourceTree = "<group>"; };
		31A2992605E8EC18CEFF3E68 /* Pods-DancingStepsLAB.debug.xcconfig */ = {isa = PBXFileReference; includeInIndex = 1; lastKnownFileType = text.xcconfig; name = "Pods-DancingStepsLAB.debug.xcconfig"; path = "Pods/Target Support Files/Pods-DancingStepsLAB/Pods-DancingStepsLAB.debug.xcconfig"; sourceTree = "<group>"; };
		370F86311F5FEFEA0072A804 /* Repository.swift */ = {isa = PBXFileReference; fileEncoding = 4; lastKnownFileType = sourcecode.swift; path = Repository.swift; sourceTree = "<group>"; };
		370F86391F60224C0072A804 /* GetDanceStylesProtocol.swift */ = {isa = PBXFileReference; fileEncoding = 4; lastKnownFileType = sourcecode.swift; path = GetDanceStylesProtocol.swift; sourceTree = "<group>"; };
		370F863C1F6022850072A804 /* GetVideosProtocol.swift */ = {isa = PBXFileReference; fileEncoding = 4; lastKnownFileType = sourcecode.swift; path = GetVideosProtocol.swift; sourceTree = "<group>"; };
		370F863F1F6022DA0072A804 /* SaveNewVideoProtocol.swift */ = {isa = PBXFileReference; fileEncoding = 4; lastKnownFileType = sourcecode.swift; path = SaveNewVideoProtocol.swift; sourceTree = "<group>"; };
		3724C2511F3329A7005E1BF8 /* DebugViewController.swift */ = {isa = PBXFileReference; fileEncoding = 4; lastKnownFileType = sourcecode.swift; name = DebugViewController.swift; path = DancingSteps/DebugViewController.swift; sourceTree = "<group>"; };
		3724C2571F385534005E1BF8 /* CongressesTableViewProtocol.swift */ = {isa = PBXFileReference; fileEncoding = 4; lastKnownFileType = sourcecode.swift; name = CongressesTableViewProtocol.swift; path = DancingSteps/CongressesTableViewProtocol.swift; sourceTree = "<group>"; };
		3724C25A1F3A07F9005E1BF8 /* UIViewControllerExt.swift */ = {isa = PBXFileReference; fileEncoding = 4; lastKnownFileType = sourcecode.swift; path = UIViewControllerExt.swift; sourceTree = "<group>"; };
		375856151F4D7F4D00DF040F /* GetDanceStylesUseCase.swift */ = {isa = PBXFileReference; fileEncoding = 4; lastKnownFileType = sourcecode.swift; path = GetDanceStylesUseCase.swift; sourceTree = "<group>"; };
		37DD3B841F5844F100065466 /* DancingStepsTests.xctest */ = {isa = PBXFileReference; explicitFileType = wrapper.cfbundle; includeInIndex = 0; path = DancingStepsTests.xctest; sourceTree = BUILT_PRODUCTS_DIR; };
		37DD3B881F5844F100065466 /* Info.plist */ = {isa = PBXFileReference; lastKnownFileType = text.plist.xml; path = Info.plist; sourceTree = "<group>"; };
		37DD3B921F58451A00065466 /* DancingStepsUITests.xctest */ = {isa = PBXFileReference; explicitFileType = wrapper.cfbundle; includeInIndex = 0; path = DancingStepsUITests.xctest; sourceTree = BUILT_PRODUCTS_DIR; };
		37DD3B941F58451A00065466 /* DancingStepsUITests.swift */ = {isa = PBXFileReference; lastKnownFileType = sourcecode.swift; path = DancingStepsUITests.swift; sourceTree = "<group>"; };
		37DD3B961F58451A00065466 /* Info.plist */ = {isa = PBXFileReference; lastKnownFileType = text.plist.xml; path = Info.plist; sourceTree = "<group>"; };
		37DD3B9E1F596B3A00065466 /* ErrorEnums.swift */ = {isa = PBXFileReference; fileEncoding = 4; lastKnownFileType = sourcecode.swift; path = ErrorEnums.swift; sourceTree = "<group>"; };
		37DD3BA11F5997E400065466 /* VideosTableVCProtocol.swift */ = {isa = PBXFileReference; fileEncoding = 4; lastKnownFileType = sourcecode.swift; name = VideosTableVCProtocol.swift; path = DancingSteps/VideosTableVCProtocol.swift; sourceTree = "<group>"; };
		37DD3BA41F59A14200065466 /* ObjectInjector.swift */ = {isa = PBXFileReference; fileEncoding = 4; lastKnownFileType = sourcecode.swift; path = ObjectInjector.swift; sourceTree = "<group>"; };
		58A4B1197EA040862E16888F /* Pods-DancingStepsLAB.release.xcconfig */ = {isa = PBXFileReference; includeInIndex = 1; lastKnownFileType = text.xcconfig; name = "Pods-DancingStepsLAB.release.xcconfig"; path = "Pods/Target Support Files/Pods-DancingStepsLAB/Pods-DancingStepsLAB.release.xcconfig"; sourceTree = "<group>"; };
		8AC52C66FF12023E4E407346 /* Pods_DancingStepsLAB.framework */ = {isa = PBXFileReference; explicitFileType = wrapper.framework; includeInIndex = 0; path = Pods_DancingStepsLAB.framework; sourceTree = BUILT_PRODUCTS_DIR; };
		CB38EBEA1F17691800008585 /* GetVideosUseCase.swift */ = {isa = PBXFileReference; fileEncoding = 4; lastKnownFileType = sourcecode.swift; path = GetVideosUseCase.swift; sourceTree = "<group>"; };
		CB38EBED1F1783E300008585 /* Application.swift */ = {isa = PBXFileReference; fileEncoding = 4; lastKnownFileType = sourcecode.swift; path = Application.swift; sourceTree = "<group>"; };
		CB38EBF31F178B8100008585 /* CompleteVideoProtocol.swift */ = {isa = PBXFileReference; fileEncoding = 4; lastKnownFileType = sourcecode.swift; name = CompleteVideoProtocol.swift; path = DancingSteps/CompleteVideoProtocol.swift; sourceTree = "<group>"; };
		CB38EBF61F1792CC00008585 /* AlertsManager.swift */ = {isa = PBXFileReference; fileEncoding = 4; lastKnownFileType = sourcecode.swift; path = AlertsManager.swift; sourceTree = "<group>"; };
		CB38EBF91F17CF0200008585 /* UIImageViewExt.swift */ = {isa = PBXFileReference; fileEncoding = 4; lastKnownFileType = sourcecode.swift; path = UIImageViewExt.swift; sourceTree = "<group>"; };
		CB8A454E1F0401C1006E1102 /* DancingSteps.app */ = {isa = PBXFileReference; explicitFileType = wrapper.application; includeInIndex = 0; path = DancingSteps.app; sourceTree = BUILT_PRODUCTS_DIR; };
		CB8A45511F0401C1006E1102 /* AppDelegate.swift */ = {isa = PBXFileReference; lastKnownFileType = sourcecode.swift; path = AppDelegate.swift; sourceTree = "<group>"; };
		CB8A45531F0401C1006E1102 /* CongressesTableViewController.swift */ = {isa = PBXFileReference; lastKnownFileType = sourcecode.swift; name = CongressesTableViewController.swift; path = DancingSteps/CongressesTableViewController.swift; sourceTree = "<group>"; };
		CB8A45561F0401C1006E1102 /* Base */ = {isa = PBXFileReference; lastKnownFileType = file.storyboard; name = Base; path = Base.lproj/Main.storyboard; sourceTree = "<group>"; };
		CB8A45581F0401C1006E1102 /* Assets.xcassets */ = {isa = PBXFileReference; lastKnownFileType = folder.assetcatalog; path = Assets.xcassets; sourceTree = "<group>"; };
		CB8A455B1F0401C1006E1102 /* Base */ = {isa = PBXFileReference; lastKnownFileType = file.storyboard; name = Base; path = Base.lproj/LaunchScreen.storyboard; sourceTree = "<group>"; };
		CB8A455D1F0401C1006E1102 /* Info.plist */ = {isa = PBXFileReference; lastKnownFileType = text.plist.xml; path = Info.plist; sourceTree = "<group>"; };
		CBAA33441F1616CC009ED7CE /* CompleteVideoPresenter.swift */ = {isa = PBXFileReference; fileEncoding = 4; lastKnownFileType = sourcecode.swift; name = CompleteVideoPresenter.swift; path = DancingSteps/CompleteVideoPresenter.swift; sourceTree = "<group>"; };
		CBAA33471F16170B009ED7CE /* SaveNewVideoUseCase.swift */ = {isa = PBXFileReference; fileEncoding = 4; lastKnownFileType = sourcecode.swift; path = SaveNewVideoUseCase.swift; sourceTree = "<group>"; };
		CBAA33501F161940009ED7CE /* RealmRepo.swift */ = {isa = PBXFileReference; fileEncoding = 4; lastKnownFileType = sourcecode.swift; path = RealmRepo.swift; sourceTree = "<group>"; };
		CBAA33541F16230C009ED7CE /* RealmRepresentable.swift */ = {isa = PBXFileReference; fileEncoding = 4; lastKnownFileType = sourcecode.swift; path = RealmRepresentable.swift; sourceTree = "<group>"; };
		CBAA33571F162369009ED7CE /* DomainConvertibleType.swift */ = {isa = PBXFileReference; fileEncoding = 4; lastKnownFileType = sourcecode.swift; path = DomainConvertibleType.swift; sourceTree = "<group>"; };
		CBAA335A1F1624AC009ED7CE /* RunLoopThreadScheduler.swift */ = {isa = PBXFileReference; fileEncoding = 4; lastKnownFileType = sourcecode.swift; path = RunLoopThreadScheduler.swift; sourceTree = "<group>"; };
		CBAA335D1F16256B009ED7CE /* ObservableExt.swift */ = {isa = PBXFileReference; fileEncoding = 4; lastKnownFileType = sourcecode.swift; path = ObservableExt.swift; sourceTree = "<group>"; };
		CBAA33601F1625C4009ED7CE /* RealmExt.swift */ = {isa = PBXFileReference; fileEncoding = 4; lastKnownFileType = sourcecode.swift; path = RealmExt.swift; sourceTree = "<group>"; };
		CBAA33661F168AFB009ED7CE /* DisplayViewController.swift */ = {isa = PBXFileReference; fileEncoding = 4; lastKnownFileType = sourcecode.swift; name = DisplayViewController.swift; path = DancingSteps/DisplayViewController.swift; sourceTree = "<group>"; };
		CBB9B9E81F15324000F0E441 /* CompleteVideoViewController.swift */ = {isa = PBXFileReference; fileEncoding = 4; lastKnownFileType = sourcecode.swift; name = CompleteVideoViewController.swift; path = DancingSteps/CompleteVideoViewController.swift; sourceTree = "<group>"; };
		CBD6CA471F1378C900AC4548 /* DancingStepsLAB.app */ = {isa = PBXFileReference; explicitFileType = wrapper.application; includeInIndex = 0; path = DancingStepsLAB.app; sourceTree = BUILT_PRODUCTS_DIR; };
		CBD6CA481F1378C900AC4548 /* DancingStepsLAB-Info.plist */ = {isa = PBXFileReference; lastKnownFileType = text.plist.xml; name = "DancingStepsLAB-Info.plist"; path = "/Users/RLRG/Documents/RLRG/iOS Developer Nanodegree/6 Final project. You decide! How to make an iOS app/project/DancingSteps/DancingSteps/DancingStepsLAB-Info.plist"; sourceTree = "<absolute>"; };
		CBD6CA4F1F13C02800AC4548 /* VideosTableViewController.swift */ = {isa = PBXFileReference; fileEncoding = 4; lastKnownFileType = sourcecode.swift; name = VideosTableViewController.swift; path = DancingSteps/VideosTableViewController.swift; sourceTree = "<group>"; };
		CBD6CA521F13C0F000AC4548 /* VideosPresenter.swift */ = {isa = PBXFileReference; fileEncoding = 4; lastKnownFileType = sourcecode.swift; name = VideosPresenter.swift; path = DancingSteps/VideosPresenter.swift; sourceTree = "<group>"; };
		CBD6CA581F13C52500AC4548 /* VideoCellView.swift */ = {isa = PBXFileReference; fileEncoding = 4; lastKnownFileType = sourcecode.swift; name = VideoCellView.swift; path = DancingSteps/VideoCellView.swift; sourceTree = "<group>"; };
		CBD6CA641F13CBAD00AC4548 /* VideoTableViewCell.swift */ = {isa = PBXFileReference; fileEncoding = 4; lastKnownFileType = sourcecode.swift; name = VideoTableViewCell.swift; path = DancingSteps/VideoTableViewCell.swift; sourceTree = "<group>"; };
		CBD6CA671F13D3F200AC4548 /* CameraViewController.swift */ = {isa = PBXFileReference; fileEncoding = 4; lastKnownFileType = sourcecode.swift; name = CameraViewController.swift; path = DancingSteps/CameraViewController.swift; sourceTree = "<group>"; };
		CBD6CA6A1F13E81D00AC4548 /* CongressDetailsViewController.swift */ = {isa = PBXFileReference; fileEncoding = 4; lastKnownFileType = sourcecode.swift; name = CongressDetailsViewController.swift; path = DancingSteps/CongressDetailsViewController.swift; sourceTree = "<group>"; };
		CBFAB3621F0A9981005C8B80 /* RMVideo.swift */ = {isa = PBXFileReference; fileEncoding = 4; lastKnownFileType = sourcecode.swift; path = RMVideo.swift; sourceTree = "<group>"; };
		CBFAB3641F0A9990005C8B80 /* RMCongress.swift */ = {isa = PBXFileReference; fileEncoding = 4; lastKnownFileType = sourcecode.swift; path = RMCongress.swift; sourceTree = "<group>"; };
		CBFAB36A1F0A9B8C005C8B80 /* RMStyle.swift */ = {isa = PBXFileReference; fileEncoding = 4; lastKnownFileType = sourcecode.swift; path = RMStyle.swift; sourceTree = "<group>"; };
		CBFAB36C1F0AA309005C8B80 /* Video.swift */ = {isa = PBXFileReference; fileEncoding = 4; lastKnownFileType = sourcecode.swift; path = Video.swift; sourceTree = "<group>"; };
		CBFAB36E1F0AA315005C8B80 /* Congress.swift */ = {isa = PBXFileReference; fileEncoding = 4; lastKnownFileType = sourcecode.swift; path = Congress.swift; sourceTree = "<group>"; };
		CBFAB3741F0AA333005C8B80 /* Style.swift */ = {isa = PBXFileReference; fileEncoding = 4; lastKnownFileType = sourcecode.swift; path = Style.swift; sourceTree = "<group>"; };
		CBFAB3781F0AA750005C8B80 /* CongressNetwork.swift */ = {isa = PBXFileReference; fileEncoding = 4; lastKnownFileType = sourcecode.swift; path = CongressNetwork.swift; sourceTree = "<group>"; };
		CBFAB37C1F0AA801005C8B80 /* Network.swift */ = {isa = PBXFileReference; fileEncoding = 4; lastKnownFileType = sourcecode.swift; path = Network.swift; sourceTree = "<group>"; };
		CBFAB37E1F0AA80C005C8B80 /* NetworkProvider.swift */ = {isa = PBXFileReference; fileEncoding = 4; lastKnownFileType = sourcecode.swift; path = NetworkProvider.swift; sourceTree = "<group>"; };
		CBFAB3821F0B8F1A005C8B80 /* Constants.swift */ = {isa = PBXFileReference; fileEncoding = 4; lastKnownFileType = sourcecode.swift; path = Constants.swift; sourceTree = "<group>"; };
		CBFAB3851F0BAECD005C8B80 /* GetCongressesNetworkUseCase.swift */ = {isa = PBXFileReference; fileEncoding = 4; lastKnownFileType = sourcecode.swift; path = GetCongressesNetworkUseCase.swift; sourceTree = "<group>"; };
		CBFAB3871F0BAFA7005C8B80 /* GetCongressesProtocol.swift */ = {isa = PBXFileReference; fileEncoding = 4; lastKnownFileType = sourcecode.swift; path = GetCongressesProtocol.swift; sourceTree = "<group>"; };
		CBFAB3891F0BB26E005C8B80 /* CongressesPresenter.swift */ = {isa = PBXFileReference; fileEncoding = 4; lastKnownFileType = sourcecode.swift; name = CongressesPresenter.swift; path = DancingSteps/CongressesPresenter.swift; sourceTree = "<group>"; };
		CBFAB38B1F0BB77A005C8B80 /* CongressCellView.swift */ = {isa = PBXFileReference; fileEncoding = 4; lastKnownFileType = sourcecode.swift; name = CongressCellView.swift; path = DancingSteps/CongressCellView.swift; sourceTree = "<group>"; };
		CBFAB38D1F0BB7BA005C8B80 /* CongressTableViewCell.swift */ = {isa = PBXFileReference; fileEncoding = 4; lastKnownFileType = sourcecode.swift; name = CongressTableViewCell.swift; path = DancingSteps/CongressTableViewCell.swift; sourceTree = "<group>"; };
		CBFAB3911F0F8D46005C8B80 /* UseCaseProviderClass.swift */ = {isa = PBXFileReference; fileEncoding = 4; lastKnownFileType = sourcecode.swift; path = UseCaseProviderClass.swift; sourceTree = "<group>"; };
		CBFAB3931F0F8DAF005C8B80 /* UseCaseProvider.swift */ = {isa = PBXFileReference; fileEncoding = 4; lastKnownFileType = sourcecode.swift; path = UseCaseProvider.swift; sourceTree = "<group>"; };
		F3D2A34CED622DADBBF3AACE /* Pods_DancingSteps.framework */ = {isa = PBXFileReference; explicitFileType = wrapper.framework; includeInIndex = 0; path = Pods_DancingSteps.framework; sourceTree = BUILT_PRODUCTS_DIR; };
/* End PBXFileReference section */

/* Begin PBXFrameworksBuildPhase section */
		37DD3B811F5844F100065466 /* Frameworks */ = {
			isa = PBXFrameworksBuildPhase;
			buildActionMask = 2147483647;
			files = (
			);
			runOnlyForDeploymentPostprocessing = 0;
		};
		37DD3B8F1F58451A00065466 /* Frameworks */ = {
			isa = PBXFrameworksBuildPhase;
			buildActionMask = 2147483647;
			files = (
			);
			runOnlyForDeploymentPostprocessing = 0;
		};
		CB8A454B1F0401C1006E1102 /* Frameworks */ = {
			isa = PBXFrameworksBuildPhase;
			buildActionMask = 2147483647;
			files = (
				3C03B9C961EA32988F2FC199 /* Pods_DancingSteps.framework in Frameworks */,
			);
			runOnlyForDeploymentPostprocessing = 0;
		};
		CBD6CA3B1F1378C900AC4548 /* Frameworks */ = {
			isa = PBXFrameworksBuildPhase;
			buildActionMask = 2147483647;
			files = (
				CBD6CA3C1F1378C900AC4548 /* Pods_DancingSteps.framework in Frameworks */,
				63148DBCF0E3A0AAA7D362A5 /* Pods_DancingStepsLAB.framework in Frameworks */,
			);
			runOnlyForDeploymentPostprocessing = 0;
		};
/* End PBXFrameworksBuildPhase section */

/* Begin PBXGroup section */
		112D5606E748D11DA56D7F1F /* Pods */ = {
			isa = PBXGroup;
			children = (
				31A2992605E8EC18CEFF3E68 /* Pods-DancingStepsLAB.debug.xcconfig */,
				58A4B1197EA040862E16888F /* Pods-DancingStepsLAB.release.xcconfig */,
				10728BBA2D97A7981A0113A3 /* Pods-DancingSteps.debug.xcconfig */,
				0A55F8B5EA35D3659DB3165A /* Pods-DancingSteps.release.xcconfig */,
			);
			name = Pods;
			sourceTree = "<group>";
		};
		370F86301F5FEE820072A804 /* Repository */ = {
			isa = PBXGroup;
			children = (
				370F86311F5FEFEA0072A804 /* Repository.swift */,
				37DD3B9D1F594C6E00065466 /* Network */,
				CBFAB34C1F0A9099005C8B80 /* Realm */,
			);
			name = Repository;
			sourceTree = "<group>";
		};
		370F86351F6018D70072A804 /* Entities */ = {
			isa = PBXGroup;
			children = (
				CBFAB3781F0AA750005C8B80 /* CongressNetwork.swift */,
			);
			name = Entities;
			sourceTree = "<group>";
		};
		370F86361F6018F00072A804 /* Entities */ = {
			isa = PBXGroup;
			children = (
				CBFAB3621F0A9981005C8B80 /* RMVideo.swift */,
				CBFAB3641F0A9990005C8B80 /* RMCongress.swift */,
				CBFAB36A1F0A9B8C005C8B80 /* RMStyle.swift */,
			);
			name = Entities;
			sourceTree = "<group>";
		};
		370F86371F6019800072A804 /* Provider */ = {
			isa = PBXGroup;
			children = (
				CBFAB3931F0F8DAF005C8B80 /* UseCaseProvider.swift */,
				CBFAB3911F0F8D46005C8B80 /* UseCaseProviderClass.swift */,
				370F86391F60224C0072A804 /* GetDanceStylesProtocol.swift */,
				370F863C1F6022850072A804 /* GetVideosProtocol.swift */,
				370F863F1F6022DA0072A804 /* SaveNewVideoProtocol.swift */,
				CBFAB3871F0BAFA7005C8B80 /* GetCongressesProtocol.swift */,
			);
			name = Provider;
			sourceTree = "<group>";
		};
		3724C2501F332987005E1BF8 /* debug */ = {
			isa = PBXGroup;
			children = (
				3724C2511F3329A7005E1BF8 /* DebugViewController.swift */,
			);
			name = debug;
			sourceTree = "<group>";
		};
		37DD3B851F5844F100065466 /* DancingStepsTests */ = {
			isa = PBXGroup;
			children = (
				37DD3B881F5844F100065466 /* Info.plist */,
			);
			path = DancingStepsTests;
			sourceTree = "<group>";
		};
		37DD3B931F58451A00065466 /* DancingStepsUITests */ = {
			isa = PBXGroup;
			children = (
				37DD3B941F58451A00065466 /* DancingStepsUITests.swift */,
				37DD3B961F58451A00065466 /* Info.plist */,
			);
			path = DancingStepsUITests;
			sourceTree = "<group>";
		};
		37DD3B9C1F5948FF00065466 /* Interactor */ = {
			isa = PBXGroup;
			children = (
				370F86371F6019800072A804 /* Provider */,
				375856151F4D7F4D00DF040F /* GetDanceStylesUseCase.swift */,
				CB38EBEA1F17691800008585 /* GetVideosUseCase.swift */,
				CBAA33471F16170B009ED7CE /* SaveNewVideoUseCase.swift */,
				CBFAB3851F0BAECD005C8B80 /* GetCongressesNetworkUseCase.swift */,
			);
			name = Interactor;
			sourceTree = "<group>";
		};
		37DD3B9D1F594C6E00065466 /* Network */ = {
			isa = PBXGroup;
			children = (
				CBFAB37C1F0AA801005C8B80 /* Network.swift */,
				CBFAB37E1F0AA80C005C8B80 /* NetworkProvider.swift */,
				370F86351F6018D70072A804 /* Entities */,
			);
			name = Network;
			sourceTree = "<group>";
		};
		385EC1A6F9B10ACF19DDEB7E /* Frameworks */ = {
			isa = PBXGroup;
			children = (
				F3D2A34CED622DADBBF3AACE /* Pods_DancingSteps.framework */,
				8AC52C66FF12023E4E407346 /* Pods_DancingStepsLAB.framework */,
			);
			name = Frameworks;
			sourceTree = "<group>";
		};
		CB8A45451F0401C1006E1102 = {
			isa = PBXGroup;
			children = (
				CB8A45501F0401C1006E1102 /* DancingStepsApp */,
				37DD3B851F5844F100065466 /* DancingStepsTests */,
				37DD3B931F58451A00065466 /* DancingStepsUITests */,
				CB8A454F1F0401C1006E1102 /* Products */,
				112D5606E748D11DA56D7F1F /* Pods */,
				385EC1A6F9B10ACF19DDEB7E /* Frameworks */,
			);
			sourceTree = "<group>";
		};
		CB8A454F1F0401C1006E1102 /* Products */ = {
			isa = PBXGroup;
			children = (
				CB8A454E1F0401C1006E1102 /* DancingSteps.app */,
				CBD6CA471F1378C900AC4548 /* DancingStepsLAB.app */,
				37DD3B841F5844F100065466 /* DancingStepsTests.xctest */,
				37DD3B921F58451A00065466 /* DancingStepsUITests.xctest */,
			);
			name = Products;
			sourceTree = "<group>";
		};
		CB8A45501F0401C1006E1102 /* DancingStepsApp */ = {
			isa = PBXGroup;
			children = (
				CBFAB3471F0A8AB1005C8B80 /* Application */,
				CBFAB3411F0A88C0005C8B80 /* Modules */,
				37DD3B9C1F5948FF00065466 /* Interactor */,
				370F86301F5FEE820072A804 /* Repository */,
				CBFAB34A1F0A907C005C8B80 /* Entities */,
				CBFAB3811F0B8EFA005C8B80 /* Utils */,
			);
			name = DancingStepsApp;
			path = DancingSteps;
			sourceTree = "<group>";
		};
		CBAA33531F1622F5009ED7CE /* Conversion & Utils */ = {
			isa = PBXGroup;
			children = (
				CBAA33541F16230C009ED7CE /* RealmRepresentable.swift */,
				CBAA33571F162369009ED7CE /* DomainConvertibleType.swift */,
				CBAA335A1F1624AC009ED7CE /* RunLoopThreadScheduler.swift */,
				CBAA335D1F16256B009ED7CE /* ObservableExt.swift */,
				CBAA33601F1625C4009ED7CE /* RealmExt.swift */,
			);
			name = "Conversion & Utils";
			sourceTree = "<group>";
		};
		CBD6CA491F13795C00AC4548 /* Configuration */ = {
			isa = PBXGroup;
			children = (
				CBD6CA481F1378C900AC4548 /* DancingStepsLAB-Info.plist */,
				CB8A455D1F0401C1006E1102 /* Info.plist */,
			);
			name = Configuration;
			sourceTree = "<group>";
		};
		CBFAB3411F0A88C0005C8B80 /* Modules */ = {
			isa = PBXGroup;
			children = (
				3724C2501F332987005E1BF8 /* debug */,
				CBFAB3521F0A91CD005C8B80 /* videosList */,
				CBFAB3591F0A922B005C8B80 /* recordingScreen */,
				CBFAB34D1F0A90F5005C8B80 /* topEvents */,
			);
			name = Modules;
			path = ..;
			sourceTree = "<group>";
		};
		CBFAB3451F0A8A5C005C8B80 /* View */ = {
			isa = PBXGroup;
			children = (
				CB8A45531F0401C1006E1102 /* CongressesTableViewController.swift */,
				CBD6CA6A1F13E81D00AC4548 /* CongressDetailsViewController.swift */,
				CBFAB38D1F0BB7BA005C8B80 /* CongressTableViewCell.swift */,
			);
			name = View;
			sourceTree = "<group>";
		};
		CBFAB3461F0A8A63005C8B80 /* Presenter */ = {
			isa = PBXGroup;
			children = (
				3724C2571F385534005E1BF8 /* CongressesTableViewProtocol.swift */,
				CBFAB38B1F0BB77A005C8B80 /* CongressCellView.swift */,
				CBFAB3891F0BB26E005C8B80 /* CongressesPresenter.swift */,
			);
			name = Presenter;
			sourceTree = "<group>";
		};
		CBFAB3471F0A8AB1005C8B80 /* Application */ = {
			isa = PBXGroup;
			children = (
				CBD6CA491F13795C00AC4548 /* Configuration */,
				CB8A45511F0401C1006E1102 /* AppDelegate.swift */,
				CB38EBED1F1783E300008585 /* Application.swift */,
				CB8A45551F0401C1006E1102 /* Main.storyboard */,
				CB8A455A1F0401C1006E1102 /* LaunchScreen.storyboard */,
				CB8A45581F0401C1006E1102 /* Assets.xcassets */,
			);
			name = Application;
			sourceTree = "<group>";
		};
		CBFAB34A1F0A907C005C8B80 /* Entities */ = {
			isa = PBXGroup;
			children = (
				CBFAB36C1F0AA309005C8B80 /* Video.swift */,
				CBFAB36E1F0AA315005C8B80 /* Congress.swift */,
				CBFAB3741F0AA333005C8B80 /* Style.swift */,
			);
			name = Entities;
			sourceTree = "<group>";
		};
		CBFAB34C1F0A9099005C8B80 /* Realm */ = {
			isa = PBXGroup;
			children = (
				CBAA33501F161940009ED7CE /* RealmRepo.swift */,
				370F86361F6018F00072A804 /* Entities */,
				CBAA33531F1622F5009ED7CE /* Conversion & Utils */,
			);
			name = Realm;
			sourceTree = "<group>";
		};
		CBFAB34D1F0A90F5005C8B80 /* topEvents */ = {
			isa = PBXGroup;
			children = (
				CBFAB3451F0A8A5C005C8B80 /* View */,
				CBFAB3461F0A8A63005C8B80 /* Presenter */,
			);
			name = topEvents;
			sourceTree = "<group>";
		};
		CBFAB3521F0A91CD005C8B80 /* videosList */ = {
			isa = PBXGroup;
			children = (
				CBFAB3551F0A91FD005C8B80 /* View */,
				CBFAB3541F0A91F6005C8B80 /* Presenter */,
			);
			name = videosList;
			sourceTree = "<group>";
		};
		CBFAB3541F0A91F6005C8B80 /* Presenter */ = {
			isa = PBXGroup;
			children = (
				CBD6CA581F13C52500AC4548 /* VideoCellView.swift */,
				37DD3BA11F5997E400065466 /* VideosTableVCProtocol.swift */,
				CBD6CA521F13C0F000AC4548 /* VideosPresenter.swift */,
			);
			name = Presenter;
			sourceTree = "<group>";
		};
		CBFAB3551F0A91FD005C8B80 /* View */ = {
			isa = PBXGroup;
			children = (
				CBD6CA4F1F13C02800AC4548 /* VideosTableViewController.swift */,
				CBAA33661F168AFB009ED7CE /* DisplayViewController.swift */,
				CBD6CA641F13CBAD00AC4548 /* VideoTableViewCell.swift */,
			);
			name = View;
			sourceTree = "<group>";
		};
		CBFAB3591F0A922B005C8B80 /* recordingScreen */ = {
			isa = PBXGroup;
			children = (
				CBFAB35C1F0A9272005C8B80 /* View */,
				CBFAB35B1F0A9266005C8B80 /* Presenter */,
			);
			name = recordingScreen;
			sourceTree = "<group>";
		};
		CBFAB35B1F0A9266005C8B80 /* Presenter */ = {
			isa = PBXGroup;
			children = (
				CB38EBF31F178B8100008585 /* CompleteVideoProtocol.swift */,
				CBAA33441F1616CC009ED7CE /* CompleteVideoPresenter.swift */,
			);
			name = Presenter;
			sourceTree = "<group>";
		};
		CBFAB35C1F0A9272005C8B80 /* View */ = {
			isa = PBXGroup;
			children = (
				CBD6CA671F13D3F200AC4548 /* CameraViewController.swift */,
				CBB9B9E81F15324000F0E441 /* CompleteVideoViewController.swift */,
			);
			name = View;
			sourceTree = "<group>";
		};
		CBFAB3811F0B8EFA005C8B80 /* Utils */ = {
			isa = PBXGroup;
			children = (
				CBFAB3821F0B8F1A005C8B80 /* Constants.swift */,
				CB38EBF61F1792CC00008585 /* AlertsManager.swift */,
				CB38EBF91F17CF0200008585 /* UIImageViewExt.swift */,
				3724C25A1F3A07F9005E1BF8 /* UIViewControllerExt.swift */,
				37DD3B9E1F596B3A00065466 /* ErrorEnums.swift */,
				37DD3BA41F59A14200065466 /* ObjectInjector.swift */,
			);
			name = Utils;
			sourceTree = "<group>";
		};
/* End PBXGroup section */

/* Begin PBXNativeTarget section */
		37DD3B831F5844F100065466 /* DancingStepsTests */ = {
			isa = PBXNativeTarget;
			buildConfigurationList = 37DD3B8B1F5844F100065466 /* Build configuration list for PBXNativeTarget "DancingStepsTests" */;
			buildPhases = (
				37DD3B801F5844F100065466 /* Sources */,
				37DD3B811F5844F100065466 /* Frameworks */,
				37DD3B821F5844F100065466 /* Resources */,
			);
			buildRules = (
			);
			dependencies = (
				37DD3B8A1F5844F100065466 /* PBXTargetDependency */,
			);
			name = DancingStepsTests;
			productName = DancingStepsTests;
			productReference = 37DD3B841F5844F100065466 /* DancingStepsTests.xctest */;
			productType = "com.apple.product-type.bundle.unit-test";
		};
		37DD3B911F58451A00065466 /* DancingStepsUITests */ = {
			isa = PBXNativeTarget;
			buildConfigurationList = 37DD3B991F58451A00065466 /* Build configuration list for PBXNativeTarget "DancingStepsUITests" */;
			buildPhases = (
				37DD3B8E1F58451A00065466 /* Sources */,
				37DD3B8F1F58451A00065466 /* Frameworks */,
				37DD3B901F58451A00065466 /* Resources */,
			);
			buildRules = (
			);
			dependencies = (
				37DD3B981F58451A00065466 /* PBXTargetDependency */,
			);
			name = DancingStepsUITests;
			productName = DancingStepsUITests;
			productReference = 37DD3B921F58451A00065466 /* DancingStepsUITests.xctest */;
			productType = "com.apple.product-type.bundle.ui-testing";
		};
		CB8A454D1F0401C1006E1102 /* DancingSteps */ = {
			isa = PBXNativeTarget;
			buildConfigurationList = CB8A45601F0401C1006E1102 /* Build configuration list for PBXNativeTarget "DancingSteps" */;
			buildPhases = (
				F0360B708F9191BC8F7A9310 /* [CP] Check Pods Manifest.lock */,
				CB8A454A1F0401C1006E1102 /* Sources */,
				CB8A454B1F0401C1006E1102 /* Frameworks */,
				CB8A454C1F0401C1006E1102 /* Resources */,
				CBFAB3801F0ABE9C005C8B80 /* ShellScript */,
				6710DD6C1CEA953AAD700578 /* [CP] Embed Pods Frameworks */,
				ABB23CB648A5602CEDB16D82 /* [CP] Copy Pods Resources */,
			);
			buildRules = (
			);
			dependencies = (
			);
			name = DancingSteps;
			productName = DancingSteps;
			productReference = CB8A454E1F0401C1006E1102 /* DancingSteps.app */;
			productType = "com.apple.product-type.application";
		};
		CBD6CA201F1378C900AC4548 /* DancingStepsLAB */ = {
			isa = PBXNativeTarget;
			buildConfigurationList = CBD6CA441F1378C900AC4548 /* Build configuration list for PBXNativeTarget "DancingStepsLAB" */;
			buildPhases = (
				CBD6CA211F1378C900AC4548 /* [CP] Check Pods Manifest.lock */,
				CBD6CA221F1378C900AC4548 /* Sources */,
				CBD6CA3B1F1378C900AC4548 /* Frameworks */,
				CBD6CA3D1F1378C900AC4548 /* Resources */,
				CBD6CA411F1378C900AC4548 /* [CP] Embed Pods Frameworks */,
				CBD6CA421F1378C900AC4548 /* [CP] Copy Pods Resources */,
				CBD6CA431F1378C900AC4548 /* ShellScript */,
			);
			buildRules = (
			);
			dependencies = (
			);
			name = DancingStepsLAB;
			productName = DancingSteps;
			productReference = CBD6CA471F1378C900AC4548 /* DancingStepsLAB.app */;
			productType = "com.apple.product-type.application";
		};
/* End PBXNativeTarget section */

/* Begin PBXProject section */
		CB8A45461F0401C1006E1102 /* Project object */ = {
			isa = PBXProject;
			attributes = {
				LastSwiftUpdateCheck = 0830;
				LastUpgradeCheck = 0830;
				ORGANIZATIONNAME = RLRG;
				TargetAttributes = {
					37DD3B831F5844F100065466 = {
						CreatedOnToolsVersion = 8.3.3;
						DevelopmentTeam = 8WFER5UG23;
						ProvisioningStyle = Automatic;
						TestTargetID = CB8A454D1F0401C1006E1102;
					};
					37DD3B911F58451A00065466 = {
						CreatedOnToolsVersion = 8.3.3;
						DevelopmentTeam = 8WFER5UG23;
						ProvisioningStyle = Automatic;
						TestTargetID = CB8A454D1F0401C1006E1102;
					};
					CB8A454D1F0401C1006E1102 = {
						CreatedOnToolsVersion = 8.3.3;
						DevelopmentTeam = 8WFER5UG23;
						ProvisioningStyle = Automatic;
					};
					CBD6CA201F1378C900AC4548 = {
						DevelopmentTeam = 8WFER5UG23;
						LastSwiftMigration = 0830;
					};
				};
			};
			buildConfigurationList = CB8A45491F0401C1006E1102 /* Build configuration list for PBXProject "DancingSteps" */;
			compatibilityVersion = "Xcode 3.2";
			developmentRegion = English;
			hasScannedForEncodings = 0;
			knownRegions = (
				en,
				Base,
			);
			mainGroup = CB8A45451F0401C1006E1102;
			productRefGroup = CB8A454F1F0401C1006E1102 /* Products */;
			projectDirPath = "";
			projectRoot = "";
			targets = (
				CBD6CA201F1378C900AC4548 /* DancingStepsLAB */,
				CB8A454D1F0401C1006E1102 /* DancingSteps */,
				37DD3B831F5844F100065466 /* DancingStepsTests */,
				37DD3B911F58451A00065466 /* DancingStepsUITests */,
			);
		};
/* End PBXProject section */

/* Begin PBXResourcesBuildPhase section */
		37DD3B821F5844F100065466 /* Resources */ = {
			isa = PBXResourcesBuildPhase;
			buildActionMask = 2147483647;
			files = (
			);
			runOnlyForDeploymentPostprocessing = 0;
		};
		37DD3B901F58451A00065466 /* Resources */ = {
			isa = PBXResourcesBuildPhase;
			buildActionMask = 2147483647;
			files = (
			);
			runOnlyForDeploymentPostprocessing = 0;
		};
		CB8A454C1F0401C1006E1102 /* Resources */ = {
			isa = PBXResourcesBuildPhase;
			buildActionMask = 2147483647;
			files = (
				CB8A455C1F0401C1006E1102 /* LaunchScreen.storyboard in Resources */,
				CB8A45591F0401C1006E1102 /* Assets.xcassets in Resources */,
				CB8A45571F0401C1006E1102 /* Main.storyboard in Resources */,
			);
			runOnlyForDeploymentPostprocessing = 0;
		};
		CBD6CA3D1F1378C900AC4548 /* Resources */ = {
			isa = PBXResourcesBuildPhase;
			buildActionMask = 2147483647;
			files = (
				CBD6CA3E1F1378C900AC4548 /* LaunchScreen.storyboard in Resources */,
				CBD6CA3F1F1378C900AC4548 /* Assets.xcassets in Resources */,
				CBD6CA401F1378C900AC4548 /* Main.storyboard in Resources */,
			);
			runOnlyForDeploymentPostprocessing = 0;
		};
/* End PBXResourcesBuildPhase section */

/* Begin PBXShellScriptBuildPhase section */
		6710DD6C1CEA953AAD700578 /* [CP] Embed Pods Frameworks */ = {
			isa = PBXShellScriptBuildPhase;
			buildActionMask = 2147483647;
			files = (
			);
			inputPaths = (
			);
			name = "[CP] Embed Pods Frameworks";
			outputPaths = (
			);
			runOnlyForDeploymentPostprocessing = 0;
			shellPath = /bin/sh;
			shellScript = "\"${SRCROOT}/Pods/Target Support Files/Pods-DancingSteps/Pods-DancingSteps-frameworks.sh\"\n";
			showEnvVarsInLog = 0;
		};
		ABB23CB648A5602CEDB16D82 /* [CP] Copy Pods Resources */ = {
			isa = PBXShellScriptBuildPhase;
			buildActionMask = 2147483647;
			files = (
			);
			inputPaths = (
			);
			name = "[CP] Copy Pods Resources";
			outputPaths = (
			);
			runOnlyForDeploymentPostprocessing = 0;
			shellPath = /bin/sh;
			shellScript = "\"${SRCROOT}/Pods/Target Support Files/Pods-DancingSteps/Pods-DancingSteps-resources.sh\"\n";
			showEnvVarsInLog = 0;
		};
		CBD6CA211F1378C900AC4548 /* [CP] Check Pods Manifest.lock */ = {
			isa = PBXShellScriptBuildPhase;
			buildActionMask = 2147483647;
			files = (
			);
			inputPaths = (
			);
			name = "[CP] Check Pods Manifest.lock";
			outputPaths = (
			);
			runOnlyForDeploymentPostprocessing = 0;
			shellPath = /bin/sh;
			shellScript = "diff \"${PODS_PODFILE_DIR_PATH}/Podfile.lock\" \"${PODS_ROOT}/Manifest.lock\" > /dev/null\nif [ $? != 0 ] ; then\n    # print error to STDERR\n    echo \"error: The sandbox is not in sync with the Podfile.lock. Run 'pod install' or update your CocoaPods installation.\" >&2\n    exit 1\nfi\n";
			showEnvVarsInLog = 0;
		};
		CBD6CA411F1378C900AC4548 /* [CP] Embed Pods Frameworks */ = {
			isa = PBXShellScriptBuildPhase;
			buildActionMask = 2147483647;
			files = (
			);
			inputPaths = (
			);
			name = "[CP] Embed Pods Frameworks";
			outputPaths = (
			);
			runOnlyForDeploymentPostprocessing = 0;
			shellPath = /bin/sh;
			shellScript = "\"${SRCROOT}/Pods/Target Support Files/Pods-DancingStepsLAB/Pods-DancingStepsLAB-frameworks.sh\"\n";
			showEnvVarsInLog = 0;
		};
		CBD6CA421F1378C900AC4548 /* [CP] Copy Pods Resources */ = {
			isa = PBXShellScriptBuildPhase;
			buildActionMask = 2147483647;
			files = (
			);
			inputPaths = (
			);
			name = "[CP] Copy Pods Resources";
			outputPaths = (
			);
			runOnlyForDeploymentPostprocessing = 0;
			shellPath = /bin/sh;
			shellScript = "\"${SRCROOT}/Pods/Target Support Files/Pods-DancingStepsLAB/Pods-DancingStepsLAB-resources.sh\"\n";
			showEnvVarsInLog = 0;
		};
		CBD6CA431F1378C900AC4548 /* ShellScript */ = {
			isa = PBXShellScriptBuildPhase;
			buildActionMask = 2147483647;
			files = (
			);
			inputPaths = (
			);
			outputPaths = (
			);
			runOnlyForDeploymentPostprocessing = 0;
			shellPath = /bin/sh;
			shellScript = "\"${PODS_ROOT}/SwiftLint/swiftlint\"";
		};
		CBFAB3801F0ABE9C005C8B80 /* ShellScript */ = {
			isa = PBXShellScriptBuildPhase;
			buildActionMask = 2147483647;
			files = (
			);
			inputPaths = (
			);
			outputPaths = (
			);
			runOnlyForDeploymentPostprocessing = 0;
			shellPath = /bin/sh;
			shellScript = "\"${PODS_ROOT}/SwiftLint/swiftlint\"";
		};
		F0360B708F9191BC8F7A9310 /* [CP] Check Pods Manifest.lock */ = {
			isa = PBXShellScriptBuildPhase;
			buildActionMask = 2147483647;
			files = (
			);
			inputPaths = (
			);
			name = "[CP] Check Pods Manifest.lock";
			outputPaths = (
			);
			runOnlyForDeploymentPostprocessing = 0;
			shellPath = /bin/sh;
			shellScript = "diff \"${PODS_PODFILE_DIR_PATH}/Podfile.lock\" \"${PODS_ROOT}/Manifest.lock\" > /dev/null\nif [ $? != 0 ] ; then\n    # print error to STDERR\n    echo \"error: The sandbox is not in sync with the Podfile.lock. Run 'pod install' or update your CocoaPods installation.\" >&2\n    exit 1\nfi\n";
			showEnvVarsInLog = 0;
		};
/* End PBXShellScriptBuildPhase section */

/* Begin PBXSourcesBuildPhase section */
		37DD3B801F5844F100065466 /* Sources */ = {
			isa = PBXSourcesBuildPhase;
			buildActionMask = 2147483647;
			files = (
			);
			runOnlyForDeploymentPostprocessing = 0;
		};
		37DD3B8E1F58451A00065466 /* Sources */ = {
			isa = PBXSourcesBuildPhase;
			buildActionMask = 2147483647;
			files = (
				37DD3B951F58451A00065466 /* DancingStepsUITests.swift in Sources */,
			);
			runOnlyForDeploymentPostprocessing = 0;
		};
		CB8A454A1F0401C1006E1102 /* Sources */ = {
			isa = PBXSourcesBuildPhase;
			buildActionMask = 2147483647;
			files = (
				CBAA33561F16230C009ED7CE /* RealmRepresentable.swift in Sources */,
				CBFAB3791F0AA750005C8B80 /* CongressNetwork.swift in Sources */,
				CBAA33521F161940009ED7CE /* RealmRepo.swift in Sources */,
				37DD3BA01F596B3A00065466 /* ErrorEnums.swift in Sources */,
				CBAA33461F1616CC009ED7CE /* CompleteVideoPresenter.swift in Sources */,
				CBAA33681F168AFC009ED7CE /* DisplayViewController.swift in Sources */,
				CBFAB3861F0BAECD005C8B80 /* GetCongressesNetworkUseCase.swift in Sources */,
				CB8A45541F0401C1006E1102 /* CongressesTableViewController.swift in Sources */,
				CBD6CA5A1F13C52500AC4548 /* VideoCellView.swift in Sources */,
				3724C25C1F3A07FA005E1BF8 /* UIViewControllerExt.swift in Sources */,
				CBD6CA661F13CBAD00AC4548 /* VideoTableViewCell.swift in Sources */,
				370F86331F5FEFEA0072A804 /* Repository.swift in Sources */,
				CBAA33621F1625C4009ED7CE /* RealmExt.swift in Sources */,
				CBFAB3651F0A9990005C8B80 /* RMCongress.swift in Sources */,
				CB38EBFB1F17CF0200008585 /* UIImageViewExt.swift in Sources */,
				CB38EBF81F1792CC00008585 /* AlertsManager.swift in Sources */,
				CBD6CA691F13D3F200AC4548 /* CameraViewController.swift in Sources */,
				CBFAB3921F0F8D46005C8B80 /* UseCaseProviderClass.swift in Sources */,
				370F863E1F6022850072A804 /* GetVideosProtocol.swift in Sources */,
				CBFAB3831F0B8F1A005C8B80 /* Constants.swift in Sources */,
				37DD3BA31F5997E400065466 /* VideosTableVCProtocol.swift in Sources */,
				CBFAB38E1F0BB7BA005C8B80 /* CongressTableViewCell.swift in Sources */,
				CBFAB3631F0A9981005C8B80 /* RMVideo.swift in Sources */,
				CBAA33491F16170B009ED7CE /* SaveNewVideoUseCase.swift in Sources */,
				37DD3BA61F59A14200065466 /* ObjectInjector.swift in Sources */,
				CBAA335F1F16256B009ED7CE /* ObservableExt.swift in Sources */,
				CBAA33591F162369009ED7CE /* DomainConvertibleType.swift in Sources */,
				375856171F4D7F4D00DF040F /* GetDanceStylesUseCase.swift in Sources */,
				CB38EBEC1F17691B00008585 /* GetVideosUseCase.swift in Sources */,
				CBFAB38C1F0BB77A005C8B80 /* CongressCellView.swift in Sources */,
				CBFAB3881F0BAFA7005C8B80 /* GetCongressesProtocol.swift in Sources */,
				CBFAB3751F0AA333005C8B80 /* Style.swift in Sources */,
				CB38EBEF1F1783E300008585 /* Application.swift in Sources */,
				CB38EBF51F178B8100008585 /* CompleteVideoProtocol.swift in Sources */,
				370F863B1F60224C0072A804 /* GetDanceStylesProtocol.swift in Sources */,
				CBD6CA6C1F13E81D00AC4548 /* CongressDetailsViewController.swift in Sources */,
				CBFAB3941F0F8DAF005C8B80 /* UseCaseProvider.swift in Sources */,
				3724C2591F385534005E1BF8 /* CongressesTableViewProtocol.swift in Sources */,
				CBFAB36D1F0AA309005C8B80 /* Video.swift in Sources */,
				CBFAB36B1F0A9B8C005C8B80 /* RMStyle.swift in Sources */,
				CB8A45521F0401C1006E1102 /* AppDelegate.swift in Sources */,
				CBAA335C1F1624AC009ED7CE /* RunLoopThreadScheduler.swift in Sources */,
				CBFAB37D1F0AA801005C8B80 /* Network.swift in Sources */,
				CBFAB36F1F0AA315005C8B80 /* Congress.swift in Sources */,
				CBD6CA511F13C02800AC4548 /* VideosTableViewController.swift in Sources */,
				3724C2531F33305F005E1BF8 /* DebugViewController.swift in Sources */,
				370F86411F6022DA0072A804 /* SaveNewVideoProtocol.swift in Sources */,
				CBFAB38A1F0BB26E005C8B80 /* CongressesPresenter.swift in Sources */,
				CBD6CA541F13C0F000AC4548 /* VideosPresenter.swift in Sources */,
				CBFAB37F1F0AA80C005C8B80 /* NetworkProvider.swift in Sources */,
				CBB9B9EA1F15324000F0E441 /* CompleteVideoViewController.swift in Sources */,
			);
			runOnlyForDeploymentPostprocessing = 0;
		};
		CBD6CA221F1378C900AC4548 /* Sources */ = {
			isa = PBXSourcesBuildPhase;
			buildActionMask = 2147483647;
			files = (
				CBAA33551F16230C009ED7CE /* RealmRepresentable.swift in Sources */,
				CBD6CA231F1378C900AC4548 /* CongressNetwork.swift in Sources */,
				CBAA33511F161940009ED7CE /* RealmRepo.swift in Sources */,
				37DD3B9F1F596B3A00065466 /* ErrorEnums.swift in Sources */,
				CBAA33451F1616CC009ED7CE /* CompleteVideoPresenter.swift in Sources */,
				CBAA33671F168AFB009ED7CE /* DisplayViewController.swift in Sources */,
				CBD6CA271F1378C900AC4548 /* GetCongressesNetworkUseCase.swift in Sources */,
				CBD6CA281F1378C900AC4548 /* CongressesTableViewController.swift in Sources */,
				CBD6CA591F13C52500AC4548 /* VideoCellView.swift in Sources */,
				3724C25B1F3A07FA005E1BF8 /* UIViewControllerExt.swift in Sources */,
				CBD6CA651F13CBAD00AC4548 /* VideoTableViewCell.swift in Sources */,
				370F86321F5FEFEA0072A804 /* Repository.swift in Sources */,
				CBAA33611F1625C4009ED7CE /* RealmExt.swift in Sources */,
				CBD6CA291F1378C900AC4548 /* RMCongress.swift in Sources */,
				CB38EBFA1F17CF0200008585 /* UIImageViewExt.swift in Sources */,
				CB38EBF71F1792CC00008585 /* AlertsManager.swift in Sources */,
				CBD6CA681F13D3F200AC4548 /* CameraViewController.swift in Sources */,
				CBD6CA2B1F1378C900AC4548 /* UseCaseProviderClass.swift in Sources */,
				370F863D1F6022850072A804 /* GetVideosProtocol.swift in Sources */,
				CBD6CA2C1F1378C900AC4548 /* Constants.swift in Sources */,
				37DD3BA21F5997E400065466 /* VideosTableVCProtocol.swift in Sources */,
				CBD6CA2D1F1378C900AC4548 /* CongressTableViewCell.swift in Sources */,
				CBD6CA2E1F1378C900AC4548 /* RMVideo.swift in Sources */,
				CBAA33481F16170B009ED7CE /* SaveNewVideoUseCase.swift in Sources */,
				37DD3BA51F59A14200065466 /* ObjectInjector.swift in Sources */,
				CBAA335E1F16256B009ED7CE /* ObservableExt.swift in Sources */,
				CBAA33581F162369009ED7CE /* DomainConvertibleType.swift in Sources */,
				375856161F4D7F4D00DF040F /* GetDanceStylesUseCase.swift in Sources */,
				CB38EBEB1F17691800008585 /* GetVideosUseCase.swift in Sources */,
				CBD6CA2F1F1378C900AC4548 /* CongressCellView.swift in Sources */,
				CBD6CA301F1378C900AC4548 /* GetCongressesProtocol.swift in Sources */,
				CBD6CA311F1378C900AC4548 /* Style.swift in Sources */,
				CB38EBEE1F1783E300008585 /* Application.swift in Sources */,
				CB38EBF41F178B8100008585 /* CompleteVideoProtocol.swift in Sources */,
				370F863A1F60224C0072A804 /* GetDanceStylesProtocol.swift in Sources */,
				CBD6CA6B1F13E81D00AC4548 /* CongressDetailsViewController.swift in Sources */,
				CBD6CA321F1378C900AC4548 /* UseCaseProvider.swift in Sources */,
				3724C2581F385534005E1BF8 /* CongressesTableViewProtocol.swift in Sources */,
				CBD6CA331F1378C900AC4548 /* Video.swift in Sources */,
				CBD6CA341F1378C900AC4548 /* RMStyle.swift in Sources */,
				CBD6CA351F1378C900AC4548 /* AppDelegate.swift in Sources */,
				3724C2521F3329A7005E1BF8 /* DebugViewController.swift in Sources */,
				CBAA335B1F1624AC009ED7CE /* RunLoopThreadScheduler.swift in Sources */,
				CBD6CA371F1378C900AC4548 /* Network.swift in Sources */,
				CBD6CA381F1378C900AC4548 /* Congress.swift in Sources */,
				CBD6CA501F13C02800AC4548 /* VideosTableViewController.swift in Sources */,
				370F86401F6022DA0072A804 /* SaveNewVideoProtocol.swift in Sources */,
				CBD6CA391F1378C900AC4548 /* CongressesPresenter.swift in Sources */,
				CBD6CA531F13C0F000AC4548 /* VideosPresenter.swift in Sources */,
				CBD6CA3A1F1378C900AC4548 /* NetworkProvider.swift in Sources */,
				CBB9B9E91F15324000F0E441 /* CompleteVideoViewController.swift in Sources */,
			);
			runOnlyForDeploymentPostprocessing = 0;
		};
/* End PBXSourcesBuildPhase section */

/* Begin PBXTargetDependency section */
		37DD3B8A1F5844F100065466 /* PBXTargetDependency */ = {
			isa = PBXTargetDependency;
			target = CB8A454D1F0401C1006E1102 /* DancingSteps */;
			targetProxy = 37DD3B891F5844F100065466 /* PBXContainerItemProxy */;
		};
		37DD3B981F58451A00065466 /* PBXTargetDependency */ = {
			isa = PBXTargetDependency;
			target = CB8A454D1F0401C1006E1102 /* DancingSteps */;
			targetProxy = 37DD3B971F58451A00065466 /* PBXContainerItemProxy */;
		};
/* End PBXTargetDependency section */

/* Begin PBXVariantGroup section */
		CB8A45551F0401C1006E1102 /* Main.storyboard */ = {
			isa = PBXVariantGroup;
			children = (
				CB8A45561F0401C1006E1102 /* Base */,
			);
			name = Main.storyboard;
			sourceTree = "<group>";
		};
		CB8A455A1F0401C1006E1102 /* LaunchScreen.storyboard */ = {
			isa = PBXVariantGroup;
			children = (
				CB8A455B1F0401C1006E1102 /* Base */,
			);
			name = LaunchScreen.storyboard;
			sourceTree = "<group>";
		};
/* End PBXVariantGroup section */

/* Begin XCBuildConfiguration section */
		37DD3B8C1F5844F100065466 /* Debug */ = {
			isa = XCBuildConfiguration;
			buildSettings = {
				BUNDLE_LOADER = "$(TEST_HOST)";
				DEVELOPMENT_TEAM = 8WFER5UG23;
				INFOPLIST_FILE = DancingStepsTests/Info.plist;
				LD_RUNPATH_SEARCH_PATHS = "$(inherited) @executable_path/Frameworks @loader_path/Frameworks";
				PRODUCT_BUNDLE_IDENTIFIER = com.rlrg.DancingStepsTests;
				PRODUCT_NAME = "$(TARGET_NAME)";
				SWIFT_VERSION = 3.0;
				TEST_HOST = "$(BUILT_PRODUCTS_DIR)/DancingSteps.app/DancingSteps";
			};
			name = Debug;
		};
		37DD3B8D1F5844F100065466 /* Release */ = {
			isa = XCBuildConfiguration;
			buildSettings = {
				BUNDLE_LOADER = "$(TEST_HOST)";
				DEVELOPMENT_TEAM = 8WFER5UG23;
				INFOPLIST_FILE = DancingStepsTests/Info.plist;
				LD_RUNPATH_SEARCH_PATHS = "$(inherited) @executable_path/Frameworks @loader_path/Frameworks";
				PRODUCT_BUNDLE_IDENTIFIER = com.rlrg.DancingStepsTests;
				PRODUCT_NAME = "$(TARGET_NAME)";
				SWIFT_VERSION = 3.0;
				TEST_HOST = "$(BUILT_PRODUCTS_DIR)/DancingSteps.app/DancingSteps";
			};
			name = Release;
		};
		37DD3B9A1F58451A00065466 /* Debug */ = {
			isa = XCBuildConfiguration;
			buildSettings = {
				DEVELOPMENT_TEAM = 8WFER5UG23;
				INFOPLIST_FILE = DancingStepsUITests/Info.plist;
				LD_RUNPATH_SEARCH_PATHS = "$(inherited) @executable_path/Frameworks @loader_path/Frameworks";
				PRODUCT_BUNDLE_IDENTIFIER = com.rlrg.DancingStepsUITests;
				PRODUCT_NAME = "$(TARGET_NAME)";
				SWIFT_VERSION = 3.0;
				TEST_TARGET_NAME = DancingSteps;
			};
			name = Debug;
		};
		37DD3B9B1F58451A00065466 /* Release */ = {
			isa = XCBuildConfiguration;
			buildSettings = {
				DEVELOPMENT_TEAM = 8WFER5UG23;
				INFOPLIST_FILE = DancingStepsUITests/Info.plist;
				LD_RUNPATH_SEARCH_PATHS = "$(inherited) @executable_path/Frameworks @loader_path/Frameworks";
				PRODUCT_BUNDLE_IDENTIFIER = com.rlrg.DancingStepsUITests;
				PRODUCT_NAME = "$(TARGET_NAME)";
				SWIFT_VERSION = 3.0;
				TEST_TARGET_NAME = DancingSteps;
			};
			name = Release;
		};
		CB8A455E1F0401C1006E1102 /* Debug */ = {
			isa = XCBuildConfiguration;
			buildSettings = {
				ALWAYS_SEARCH_USER_PATHS = NO;
				CLANG_ANALYZER_NONNULL = YES;
				CLANG_ANALYZER_NUMBER_OBJECT_CONVERSION = YES_AGGRESSIVE;
				CLANG_CXX_LANGUAGE_STANDARD = "gnu++0x";
				CLANG_CXX_LIBRARY = "libc++";
				CLANG_ENABLE_MODULES = YES;
				CLANG_ENABLE_OBJC_ARC = YES;
				CLANG_WARN_BOOL_CONVERSION = YES;
				CLANG_WARN_CONSTANT_CONVERSION = YES;
				CLANG_WARN_DIRECT_OBJC_ISA_USAGE = YES_ERROR;
				CLANG_WARN_DOCUMENTATION_COMMENTS = YES;
				CLANG_WARN_EMPTY_BODY = YES;
				CLANG_WARN_ENUM_CONVERSION = YES;
				CLANG_WARN_INFINITE_RECURSION = YES;
				CLANG_WARN_INT_CONVERSION = YES;
				CLANG_WARN_OBJC_ROOT_CLASS = YES_ERROR;
				CLANG_WARN_SUSPICIOUS_MOVE = YES;
				CLANG_WARN_UNREACHABLE_CODE = YES;
				CLANG_WARN__DUPLICATE_METHOD_MATCH = YES;
				"CODE_SIGN_IDENTITY[sdk=iphoneos*]" = "iPhone Developer";
				COPY_PHASE_STRIP = NO;
				DEBUG_INFORMATION_FORMAT = dwarf;
				ENABLE_STRICT_OBJC_MSGSEND = YES;
				ENABLE_TESTABILITY = YES;
				GCC_C_LANGUAGE_STANDARD = gnu99;
				GCC_DYNAMIC_NO_PIC = NO;
				GCC_NO_COMMON_BLOCKS = YES;
				GCC_OPTIMIZATION_LEVEL = 0;
				GCC_PREPROCESSOR_DEFINITIONS = (
					"DEBUG=1",
					"$(inherited)",
				);
				GCC_WARN_64_TO_32_BIT_CONVERSION = YES;
				GCC_WARN_ABOUT_RETURN_TYPE = YES_ERROR;
				GCC_WARN_UNDECLARED_SELECTOR = YES;
				GCC_WARN_UNINITIALIZED_AUTOS = YES_AGGRESSIVE;
				GCC_WARN_UNUSED_FUNCTION = YES;
				GCC_WARN_UNUSED_VARIABLE = YES;
				IPHONEOS_DEPLOYMENT_TARGET = 10.3;
				MTL_ENABLE_DEBUG_INFO = YES;
				ONLY_ACTIVE_ARCH = YES;
				SDKROOT = iphoneos;
				SWIFT_ACTIVE_COMPILATION_CONDITIONS = DEBUG;
				SWIFT_OPTIMIZATION_LEVEL = "-Onone";
				TARGETED_DEVICE_FAMILY = "1,2";
			};
			name = Debug;
		};
		CB8A455F1F0401C1006E1102 /* Release */ = {
			isa = XCBuildConfiguration;
			buildSettings = {
				ALWAYS_SEARCH_USER_PATHS = NO;
				CLANG_ANALYZER_NONNULL = YES;
				CLANG_ANALYZER_NUMBER_OBJECT_CONVERSION = YES_AGGRESSIVE;
				CLANG_CXX_LANGUAGE_STANDARD = "gnu++0x";
				CLANG_CXX_LIBRARY = "libc++";
				CLANG_ENABLE_MODULES = YES;
				CLANG_ENABLE_OBJC_ARC = YES;
				CLANG_WARN_BOOL_CONVERSION = YES;
				CLANG_WARN_CONSTANT_CONVERSION = YES;
				CLANG_WARN_DIRECT_OBJC_ISA_USAGE = YES_ERROR;
				CLANG_WARN_DOCUMENTATION_COMMENTS = YES;
				CLANG_WARN_EMPTY_BODY = YES;
				CLANG_WARN_ENUM_CONVERSION = YES;
				CLANG_WARN_INFINITE_RECURSION = YES;
				CLANG_WARN_INT_CONVERSION = YES;
				CLANG_WARN_OBJC_ROOT_CLASS = YES_ERROR;
				CLANG_WARN_SUSPICIOUS_MOVE = YES;
				CLANG_WARN_UNREACHABLE_CODE = YES;
				CLANG_WARN__DUPLICATE_METHOD_MATCH = YES;
				"CODE_SIGN_IDENTITY[sdk=iphoneos*]" = "iPhone Developer";
				COPY_PHASE_STRIP = NO;
				DEBUG_INFORMATION_FORMAT = "dwarf-with-dsym";
				ENABLE_NS_ASSERTIONS = NO;
				ENABLE_STRICT_OBJC_MSGSEND = YES;
				GCC_C_LANGUAGE_STANDARD = gnu99;
				GCC_NO_COMMON_BLOCKS = YES;
				GCC_WARN_64_TO_32_BIT_CONVERSION = YES;
				GCC_WARN_ABOUT_RETURN_TYPE = YES_ERROR;
				GCC_WARN_UNDECLARED_SELECTOR = YES;
				GCC_WARN_UNINITIALIZED_AUTOS = YES_AGGRESSIVE;
				GCC_WARN_UNUSED_FUNCTION = YES;
				GCC_WARN_UNUSED_VARIABLE = YES;
				IPHONEOS_DEPLOYMENT_TARGET = 10.3;
				MTL_ENABLE_DEBUG_INFO = NO;
				SDKROOT = iphoneos;
				SWIFT_OPTIMIZATION_LEVEL = "-Owholemodule";
				TARGETED_DEVICE_FAMILY = "1,2";
				VALIDATE_PRODUCT = YES;
			};
			name = Release;
		};
		CB8A45611F0401C1006E1102 /* Debug */ = {
			isa = XCBuildConfiguration;
			baseConfigurationReference = 10728BBA2D97A7981A0113A3 /* Pods-DancingSteps.debug.xcconfig */;
			buildSettings = {
				ASSETCATALOG_COMPILER_APPICON_NAME = AppIcon;
				DEVELOPMENT_TEAM = 8WFER5UG23;
				INFOPLIST_FILE = DancingSteps/Info.plist;
				LD_RUNPATH_SEARCH_PATHS = "$(inherited) @executable_path/Frameworks";
				PRODUCT_BUNDLE_IDENTIFIER = com.rlrg.DancingSteps;
				PRODUCT_NAME = "$(TARGET_NAME)";
				SWIFT_VERSION = 3.0;
			};
			name = Debug;
		};
		CB8A45621F0401C1006E1102 /* Release */ = {
			isa = XCBuildConfiguration;
			baseConfigurationReference = 0A55F8B5EA35D3659DB3165A /* Pods-DancingSteps.release.xcconfig */;
			buildSettings = {
				ASSETCATALOG_COMPILER_APPICON_NAME = AppIcon;
				DEVELOPMENT_TEAM = 8WFER5UG23;
				INFOPLIST_FILE = DancingSteps/Info.plist;
				LD_RUNPATH_SEARCH_PATHS = "$(inherited) @executable_path/Frameworks";
				PRODUCT_BUNDLE_IDENTIFIER = com.rlrg.DancingSteps;
				PRODUCT_NAME = "$(TARGET_NAME)";
				SWIFT_VERSION = 3.0;
			};
			name = Release;
		};
		CBD6CA451F1378C900AC4548 /* Debug */ = {
			isa = XCBuildConfiguration;
			baseConfigurationReference = 31A2992605E8EC18CEFF3E68 /* Pods-DancingStepsLAB.debug.xcconfig */;
			buildSettings = {
				ASSETCATALOG_COMPILER_APPICON_NAME = AppIcon;
				CLANG_ENABLE_MODULES = YES;
				DEVELOPMENT_TEAM = 8WFER5UG23;
				INFOPLIST_FILE = "DancingSteps/DancingStepsLAB-Info.plist";
				LD_RUNPATH_SEARCH_PATHS = "$(inherited) @executable_path/Frameworks";
				OTHER_SWIFT_FLAGS = "$(inherited) \"-D\" \"COCOAPODS\" -DDancingStepsLAB";
				PRODUCT_BUNDLE_IDENTIFIER = com.rlrg.DancingSteps;
				PRODUCT_NAME = "$(TARGET_NAME)";
				SWIFT_OBJC_BRIDGING_HEADER = "";
				SWIFT_OPTIMIZATION_LEVEL = "-Onone";
				SWIFT_VERSION = 3.0;
			};
			name = Debug;
		};
		CBD6CA461F1378C900AC4548 /* Release */ = {
			isa = XCBuildConfiguration;
			baseConfigurationReference = 58A4B1197EA040862E16888F /* Pods-DancingStepsLAB.release.xcconfig */;
			buildSettings = {
				ASSETCATALOG_COMPILER_APPICON_NAME = AppIcon;
				CLANG_ENABLE_MODULES = YES;
				DEVELOPMENT_TEAM = 8WFER5UG23;
				INFOPLIST_FILE = "DancingSteps/DancingStepsLAB-Info.plist";
				LD_RUNPATH_SEARCH_PATHS = "$(inherited) @executable_path/Frameworks";
				OTHER_SWIFT_FLAGS = "$(inherited) \"-D\" \"COCOAPODS\" -DDancingStepsLAB";
				PRODUCT_BUNDLE_IDENTIFIER = com.rlrg.DancingSteps;
				PRODUCT_NAME = "$(TARGET_NAME)";
				SWIFT_OBJC_BRIDGING_HEADER = "";
				SWIFT_VERSION = 3.0;
			};
			name = Release;
		};
/* End XCBuildConfiguration section */

/* Begin XCConfigurationList section */
		37DD3B8B1F5844F100065466 /* Build configuration list for PBXNativeTarget "DancingStepsTests" */ = {
			isa = XCConfigurationList;
			buildConfigurations = (
				37DD3B8C1F5844F100065466 /* Debug */,
				37DD3B8D1F5844F100065466 /* Release */,
			);
			defaultConfigurationIsVisible = 0;
			defaultConfigurationName = Release;
		};
		37DD3B991F58451A00065466 /* Build configuration list for PBXNativeTarget "DancingStepsUITests" */ = {
			isa = XCConfigurationList;
			buildConfigurations = (
				37DD3B9A1F58451A00065466 /* Debug */,
				37DD3B9B1F58451A00065466 /* Release */,
			);
			defaultConfigurationIsVisible = 0;
			defaultConfigurationName = Release;
		};
		CB8A45491F0401C1006E1102 /* Build configuration list for PBXProject "DancingSteps" */ = {
			isa = XCConfigurationList;
			buildConfigurations = (
				CB8A455E1F0401C1006E1102 /* Debug */,
				CB8A455F1F0401C1006E1102 /* Release */,
			);
			defaultConfigurationIsVisible = 0;
			defaultConfigurationName = Release;
		};
		CB8A45601F0401C1006E1102 /* Build configuration list for PBXNativeTarget "DancingSteps" */ = {
			isa = XCConfigurationList;
			buildConfigurations = (
				CB8A45611F0401C1006E1102 /* Debug */,
				CB8A45621F0401C1006E1102 /* Release */,
			);
			defaultConfigurationIsVisible = 0;
			defaultConfigurationName = Release;
		};
		CBD6CA441F1378C900AC4548 /* Build configuration list for PBXNativeTarget "DancingStepsLAB" */ = {
			isa = XCConfigurationList;
			buildConfigurations = (
				CBD6CA451F1378C900AC4548 /* Debug */,
				CBD6CA461F1378C900AC4548 /* Release */,
			);
			defaultConfigurationIsVisible = 0;
			defaultConfigurationName = Release;
		};
/* End XCConfigurationList section */
	};
	rootObject = CB8A45461F0401C1006E1102 /* Project object */;
}
